// !$*UTF8*$!
{
	archiveVersion = 1;
	classes = {
	};
	objectVersion = 48;
	objects = {

/* Begin PBXBuildFile section */
		1D10F9DE1F8EA96400EA8FC1 /* manuscript.swift in Sources */ = {isa = PBXBuildFile; fileRef = 1D10F9DD1F8EA96300EA8FC1 /* manuscript.swift */; };
		1D445BD2200FD4AA0007B177 /* ATAreaMapModel.swift in Sources */ = {isa = PBXBuildFile; fileRef = 1D445BD1200FD4AA0007B177 /* ATAreaMapModel.swift */; };
		1D445BD4200FEA340007B177 /* Protocol.swift in Sources */ = {isa = PBXBuildFile; fileRef = 1D445BD3200FEA340007B177 /* Protocol.swift */; };
		1D445BD6201112530007B177 /* ATAreaMapCellModel.swift in Sources */ = {isa = PBXBuildFile; fileRef = 1D445BD5201112530007B177 /* ATAreaMapCellModel.swift */; };
		1D61FA981F9BC0E00062FD60 /* Assets.xcassets in Resources */ = {isa = PBXBuildFile; fileRef = 1D61FA971F9BC0CD0062FD60 /* Assets.xcassets */; };
		1D7BA9AE1FCB5CD7000BBC5B /* ATUserSettingTool.swift in Sources */ = {isa = PBXBuildFile; fileRef = 1D7BA9AD1FCB5CD7000BBC5B /* ATUserSettingTool.swift */; };
		1D8B6A112120745500AA6E50 /* Alamofire.framework in Embed Frameworks */ = {isa = PBXBuildFile; fileRef = 1D8B69FE211F9FD800AA6E50 /* Alamofire.framework */; settings = {ATTRIBUTES = (CodeSignOnCopy, RemoveHeadersOnCopy, ); }; };
		1D8B6A132120745500AA6E50 /* SnapKit.framework in Embed Frameworks */ = {isa = PBXBuildFile; fileRef = 1D8B6A00211F9FF000AA6E50 /* SnapKit.framework */; settings = {ATTRIBUTES = (CodeSignOnCopy, RemoveHeadersOnCopy, ); }; };
		1D8B6A152120745500AA6E50 /* SwiftDate.framework in Embed Frameworks */ = {isa = PBXBuildFile; fileRef = 1D8B6A02211FA0A500AA6E50 /* SwiftDate.framework */; settings = {ATTRIBUTES = (CodeSignOnCopy, RemoveHeadersOnCopy, ); }; };
		1D8B6A192120745500AA6E50 /* WCDBSwift.framework in Embed Frameworks */ = {isa = PBXBuildFile; fileRef = 1D8B69FA211F9FBD00AA6E50 /* WCDBSwift.framework */; settings = {ATTRIBUTES = (CodeSignOnCopy, RemoveHeadersOnCopy, ); }; };
		1D8B6A2E2120751200AA6E50 /* Result.framework in Embed Frameworks */ = {isa = PBXBuildFile; fileRef = 1D8B6A2B212074F800AA6E50 /* Result.framework */; settings = {ATTRIBUTES = (CodeSignOnCopy, RemoveHeadersOnCopy, ); }; };
		1D8B6A482120758600AA6E50 /* Moya.framework in Embed Frameworks */ = {isa = PBXBuildFile; fileRef = 1D8B6A392120757800AA6E50 /* Moya.framework */; settings = {ATTRIBUTES = (CodeSignOnCopy, RemoveHeadersOnCopy, ); }; };
		1D8B6A4A2120758600AA6E50 /* ReactiveMoya.framework in Embed Frameworks */ = {isa = PBXBuildFile; fileRef = 1D8B6A372120757600AA6E50 /* ReactiveMoya.framework */; settings = {ATTRIBUTES = (CodeSignOnCopy, RemoveHeadersOnCopy, ); }; };
		1D8B6A4C2120758600AA6E50 /* ReactiveSwift.framework in Embed Frameworks */ = {isa = PBXBuildFile; fileRef = 1D8B6A2F2120757100AA6E50 /* ReactiveSwift.framework */; settings = {ATTRIBUTES = (CodeSignOnCopy, RemoveHeadersOnCopy, ); }; };
		1D8B6A4E2120758600AA6E50 /* RxBlocking.framework in Embed Frameworks */ = {isa = PBXBuildFile; fileRef = 1D8B6A342120757400AA6E50 /* RxBlocking.framework */; settings = {ATTRIBUTES = (CodeSignOnCopy, RemoveHeadersOnCopy, ); }; };
		1D8B6A502120758600AA6E50 /* RxCocoa.framework in Embed Frameworks */ = {isa = PBXBuildFile; fileRef = 1D8B6A322120757300AA6E50 /* RxCocoa.framework */; settings = {ATTRIBUTES = (CodeSignOnCopy, RemoveHeadersOnCopy, ); }; };
		1D8B6A522120758600AA6E50 /* RxMoya.framework in Embed Frameworks */ = {isa = PBXBuildFile; fileRef = 1D8B6A312120757200AA6E50 /* RxMoya.framework */; settings = {ATTRIBUTES = (CodeSignOnCopy, RemoveHeadersOnCopy, ); }; };
		1D8B6A542120758600AA6E50 /* RxSwift.framework in Embed Frameworks */ = {isa = PBXBuildFile; fileRef = 1D8B6A302120757200AA6E50 /* RxSwift.framework */; settings = {ATTRIBUTES = (CodeSignOnCopy, RemoveHeadersOnCopy, ); }; };
		1D8B6A582120758600AA6E50 /* SDWebImage.framework in Embed Frameworks */ = {isa = PBXBuildFile; fileRef = 1D8B6A382120757700AA6E50 /* SDWebImage.framework */; settings = {ATTRIBUTES = (CodeSignOnCopy, RemoveHeadersOnCopy, ); }; };
		1D8B6A5A2120758600AA6E50 /* sqlcipher.swift.framework in Embed Frameworks */ = {isa = PBXBuildFile; fileRef = 1D8B6A3A2120757900AA6E50 /* sqlcipher.swift.framework */; settings = {ATTRIBUTES = (CodeSignOnCopy, RemoveHeadersOnCopy, ); }; };
		1D8B6A5C2120758600AA6E50 /* sqliterk.swift.framework in Embed Frameworks */ = {isa = PBXBuildFile; fileRef = 1D8B6A352120757500AA6E50 /* sqliterk.swift.framework */; settings = {ATTRIBUTES = (CodeSignOnCopy, RemoveHeadersOnCopy, ); }; };
		1D8B6A5E2120758600AA6E50 /* SwiftyJSON.framework in Embed Frameworks */ = {isa = PBXBuildFile; fileRef = 1D8B6A362120757600AA6E50 /* SwiftyJSON.framework */; settings = {ATTRIBUTES = (CodeSignOnCopy, RemoveHeadersOnCopy, ); }; };
		1D8B6A5F2120759600AA6E50 /* Alamofire.framework in Frameworks */ = {isa = PBXBuildFile; fileRef = 1D8B69FE211F9FD800AA6E50 /* Alamofire.framework */; };
		1D8B6A602120759600AA6E50 /* Moya.framework in Frameworks */ = {isa = PBXBuildFile; fileRef = 1D8B6A392120757800AA6E50 /* Moya.framework */; };
		1D8B6A612120759600AA6E50 /* ReactiveMoya.framework in Frameworks */ = {isa = PBXBuildFile; fileRef = 1D8B6A372120757600AA6E50 /* ReactiveMoya.framework */; };
		1D8B6A622120759600AA6E50 /* ReactiveSwift.framework in Frameworks */ = {isa = PBXBuildFile; fileRef = 1D8B6A2F2120757100AA6E50 /* ReactiveSwift.framework */; };
		1D8B6A632120759600AA6E50 /* Result.framework in Frameworks */ = {isa = PBXBuildFile; fileRef = 1D8B6A2B212074F800AA6E50 /* Result.framework */; };
		1D8B6A642120759600AA6E50 /* RxBlocking.framework in Frameworks */ = {isa = PBXBuildFile; fileRef = 1D8B6A342120757400AA6E50 /* RxBlocking.framework */; };
		1D8B6A652120759600AA6E50 /* RxCocoa.framework in Frameworks */ = {isa = PBXBuildFile; fileRef = 1D8B6A322120757300AA6E50 /* RxCocoa.framework */; };
		1D8B6A662120759600AA6E50 /* RxMoya.framework in Frameworks */ = {isa = PBXBuildFile; fileRef = 1D8B6A312120757200AA6E50 /* RxMoya.framework */; };
		1D8B6A672120759600AA6E50 /* RxSwift.framework in Frameworks */ = {isa = PBXBuildFile; fileRef = 1D8B6A302120757200AA6E50 /* RxSwift.framework */; };
		1D8B6A692120759600AA6E50 /* SDWebImage.framework in Frameworks */ = {isa = PBXBuildFile; fileRef = 1D8B6A382120757700AA6E50 /* SDWebImage.framework */; };
		1D8B6A6A2120759600AA6E50 /* SnapKit.framework in Frameworks */ = {isa = PBXBuildFile; fileRef = 1D8B6A00211F9FF000AA6E50 /* SnapKit.framework */; };
		1D8B6A6B2120759600AA6E50 /* sqlcipher.swift.framework in Frameworks */ = {isa = PBXBuildFile; fileRef = 1D8B6A3A2120757900AA6E50 /* sqlcipher.swift.framework */; };
		1D8B6A6C2120759600AA6E50 /* sqliterk.swift.framework in Frameworks */ = {isa = PBXBuildFile; fileRef = 1D8B6A352120757500AA6E50 /* sqliterk.swift.framework */; };
		1D8B6A6D2120759600AA6E50 /* SwiftDate.framework in Frameworks */ = {isa = PBXBuildFile; fileRef = 1D8B6A02211FA0A500AA6E50 /* SwiftDate.framework */; };
		1D8B6A6E2120759600AA6E50 /* SwiftyJSON.framework in Frameworks */ = {isa = PBXBuildFile; fileRef = 1D8B6A362120757600AA6E50 /* SwiftyJSON.framework */; };
		1D8B6A702120759600AA6E50 /* WCDBSwift.framework in Frameworks */ = {isa = PBXBuildFile; fileRef = 1D8B69FA211F9FBD00AA6E50 /* WCDBSwift.framework */; };
		1D93A5551FF83B9800B65547 /* ATFirstUseGuideViewController.swift in Sources */ = {isa = PBXBuildFile; fileRef = 1D93A5541FF83B9800B65547 /* ATFirstUseGuideViewController.swift */; };
		1D93A5571FF83BAD00B65547 /* ATNewVersionGuideViewController.swift in Sources */ = {isa = PBXBuildFile; fileRef = 1D93A5561FF83BAD00B65547 /* ATNewVersionGuideViewController.swift */; };
		1D93A5D020024BB900B65547 /* ATDataTool.swift in Sources */ = {isa = PBXBuildFile; fileRef = 1D93A5CF20024BB900B65547 /* ATDataTool.swift */; };
		1D93A60120029A5100B65547 /* ATResourceModel.swift in Sources */ = {isa = PBXBuildFile; fileRef = 1D93A60020029A5100B65547 /* ATResourceModel.swift */; };
		1DDB908F200BEDAF00396DE3 /* ATDBTool.swift in Sources */ = {isa = PBXBuildFile; fileRef = 1DDB908E200BEDAF00396DE3 /* ATDBTool.swift */; };
		1DDB9094200BEF7E00396DE3 /* ATAreaModel.swift in Sources */ = {isa = PBXBuildFile; fileRef = 1DDB9093200BEF7E00396DE3 /* ATAreaModel.swift */; };
		47058B001FA36C2D00C8CECB /* ATImproveViewController.swift in Sources */ = {isa = PBXBuildFile; fileRef = 47058AFF1FA36C2D00C8CECB /* ATImproveViewController.swift */; };
		47058B021FA36C5300C8CECB /* ATAboutViewController.swift in Sources */ = {isa = PBXBuildFile; fileRef = 47058B011FA36C5300C8CECB /* ATAboutViewController.swift */; };
		47058B041FA36CAC00C8CECB /* ATEquipViewController.swift in Sources */ = {isa = PBXBuildFile; fileRef = 47058B031FA36CAC00C8CECB /* ATEquipViewController.swift */; };
		47058B061FA36CBF00C8CECB /* ATShipViewController.swift in Sources */ = {isa = PBXBuildFile; fileRef = 47058B051FA36CBF00C8CECB /* ATShipViewController.swift */; };
		47058B081FA36CD300C8CECB /* ATAreaViewController.swift in Sources */ = {isa = PBXBuildFile; fileRef = 47058B071FA36CD300C8CECB /* ATAreaViewController.swift */; };
		47058B0A1FA36CEC00C8CECB /* ATEnemyViewController.swift in Sources */ = {isa = PBXBuildFile; fileRef = 47058B091FA36CEC00C8CECB /* ATEnemyViewController.swift */; };
		47058B0C1FA36D0800C8CECB /* ATMissionViewController.swift in Sources */ = {isa = PBXBuildFile; fileRef = 47058B0B1FA36D0800C8CECB /* ATMissionViewController.swift */; };
		47058B0E1FA36D1E00C8CECB /* ATExpeditionViewController.swift in Sources */ = {isa = PBXBuildFile; fileRef = 47058B0D1FA36D1E00C8CECB /* ATExpeditionViewController.swift */; };
		47058B101FA36D4000C8CECB /* ATToolboxViewController.swift in Sources */ = {isa = PBXBuildFile; fileRef = 47058B0F1FA36D4000C8CECB /* ATToolboxViewController.swift */; };
		47058B121FA36D5900C8CECB /* ATSettingViewController.swift in Sources */ = {isa = PBXBuildFile; fileRef = 47058B111FA36D5900C8CECB /* ATSettingViewController.swift */; };
		470A5EAE1FB40216003ABF82 /* ATSettingTwitterLanguageViewController.swift in Sources */ = {isa = PBXBuildFile; fileRef = 470A5EAD1FB40216003ABF82 /* ATSettingTwitterLanguageViewController.swift */; };
		470A5EB01FB4053B003ABF82 /* ATTableView.swift in Sources */ = {isa = PBXBuildFile; fileRef = 470A5EAF1FB4053B003ABF82 /* ATTableView.swift */; };
		472C6ADD1F90D6DC0027C6B3 /* LSPageTabView.swift in Sources */ = {isa = PBXBuildFile; fileRef = 472C6ADC1F90D6DC0027C6B3 /* LSPageTabView.swift */; };
		472C6AE01F90DA420027C6B3 /* Constant.swift in Sources */ = {isa = PBXBuildFile; fileRef = 472C6ADF1F90DA420027C6B3 /* Constant.swift */; };
		472C6AE21F90E0FD0027C6B3 /* ExtensionUIDevice.swift in Sources */ = {isa = PBXBuildFile; fileRef = 472C6AE11F90E0FD0027C6B3 /* ExtensionUIDevice.swift */; };
		472C6AE51F90E1260027C6B3 /* ExtensionUIScreen.swift in Sources */ = {isa = PBXBuildFile; fileRef = 472C6AE41F90E1260027C6B3 /* ExtensionUIScreen.swift */; };
		472C6AE71F90F2350027C6B3 /* Function.swift in Sources */ = {isa = PBXBuildFile; fileRef = 472C6AE61F90F2350027C6B3 /* Function.swift */; };
		472C6AE91F90F2D70027C6B3 /* ExtensionUIColor.swift in Sources */ = {isa = PBXBuildFile; fileRef = 472C6AE81F90F2D70027C6B3 /* ExtensionUIColor.swift */; };
		4748C1761FA0C3BB005F5D2D /* ATHomeMenuView.swift in Sources */ = {isa = PBXBuildFile; fileRef = 4748C1751FA0C3BB005F5D2D /* ATHomeMenuView.swift */; };
		4748C1781FA0C4B7005F5D2D /* ATScrollView.swift in Sources */ = {isa = PBXBuildFile; fileRef = 4748C1771FA0C4B7005F5D2D /* ATScrollView.swift */; };
		47671BB71F98CCDB00426CBC /* ATAvatarListViewController.swift in Sources */ = {isa = PBXBuildFile; fileRef = 47671BB61F98CCDB00426CBC /* ATAvatarListViewController.swift */; };
		47829C921F9F22BA00523E75 /* ATViewController.swift in Sources */ = {isa = PBXBuildFile; fileRef = 47829C911F9F22BA00523E75 /* ATViewController.swift */; };
		47894F611F92031900E55E4D /* ExtensionUIView.swift in Sources */ = {isa = PBXBuildFile; fileRef = 47894F601F92031900E55E4D /* ExtensionUIView.swift */; };
		47C5FEAF1F962D54005B4073 /* ATNetworkTool.swift in Sources */ = {isa = PBXBuildFile; fileRef = 47C5FE941F962D54005B4073 /* ATNetworkTool.swift */; };
		47C5FEB31F962E1E005B4073 /* ATTwitterModel.swift in Sources */ = {isa = PBXBuildFile; fileRef = 47C5FEB21F962D6F005B4073 /* ATTwitterModel.swift */; };
		47CC33E81F8B929400B7CFB1 /* AppDelegate.swift in Sources */ = {isa = PBXBuildFile; fileRef = 47CC33E71F8B929400B7CFB1 /* AppDelegate.swift */; };
		47CC33FA1F8B954700B7CFB1 /* ATHomeViewController.swift in Sources */ = {isa = PBXBuildFile; fileRef = 47CC33F91F8B954700B7CFB1 /* ATHomeViewController.swift */; };
		47CC33FC1F8B992800B7CFB1 /* ATNavigationController.swift in Sources */ = {isa = PBXBuildFile; fileRef = 47CC33FB1F8B992800B7CFB1 /* ATNavigationController.swift */; };
		47D4E7A71F9A2B2000C9D27F /* ATImagePageViewController.swift in Sources */ = {isa = PBXBuildFile; fileRef = 47D4E7A61F9A2B2000C9D27F /* ATImagePageViewController.swift */; };
		47D4E7D51F9B272100C9D27F /* ATPermissionsTool.swift in Sources */ = {isa = PBXBuildFile; fileRef = 47D4E7D41F9B272100C9D27F /* ATPermissionsTool.swift */; };
		47D4E7F01F9B453900C9D27F /* ExtensionUIViewController.swift in Sources */ = {isa = PBXBuildFile; fileRef = 47D4E7EF1F9B453900C9D27F /* ExtensionUIViewController.swift */; };
		47D4E7F21F9B4C0400C9D27F /* ATToastMessageTool.swift in Sources */ = {isa = PBXBuildFile; fileRef = 47D4E7F11F9B4C0400C9D27F /* ATToastMessageTool.swift */; };
		47DF9B5E1F9DCFD30075CF12 /* ExtensionGCD.swift in Sources */ = {isa = PBXBuildFile; fileRef = 47DF9B5D1F9DCFD30075CF12 /* ExtensionGCD.swift */; };
		47F3BF5A1F94688100CC4398 /* ExtensionUIImage.swift in Sources */ = {isa = PBXBuildFile; fileRef = 47F3BF591F94688100CC4398 /* ExtensionUIImage.swift */; };
		47F555DC1F9EEA9200B09AFA /* ExtensionUIFont.swift in Sources */ = {isa = PBXBuildFile; fileRef = 47F555DB1F9EEA9200B09AFA /* ExtensionUIFont.swift */; };
		47F555F71F9EEF7800B09AFA /* ExtensionString.swift in Sources */ = {isa = PBXBuildFile; fileRef = 47F555F61F9EEF7800B09AFA /* ExtensionString.swift */; };
/* End PBXBuildFile section */

/* Begin PBXCopyFilesBuildPhase section */
		1D445BD0200D11550007B177 /* Embed Frameworks */ = {
			isa = PBXCopyFilesBuildPhase;
			buildActionMask = 2147483647;
			dstPath = "";
			dstSubfolderSpec = 10;
			files = (
				1D8B6A152120745500AA6E50 /* SwiftDate.framework in Embed Frameworks */,
				1D8B6A5E2120758600AA6E50 /* SwiftyJSON.framework in Embed Frameworks */,
				1D8B6A4E2120758600AA6E50 /* RxBlocking.framework in Embed Frameworks */,
				1D8B6A482120758600AA6E50 /* Moya.framework in Embed Frameworks */,
				1D8B6A112120745500AA6E50 /* Alamofire.framework in Embed Frameworks */,
				1D8B6A4A2120758600AA6E50 /* ReactiveMoya.framework in Embed Frameworks */,
				1D8B6A132120745500AA6E50 /* SnapKit.framework in Embed Frameworks */,
				1D8B6A542120758600AA6E50 /* RxSwift.framework in Embed Frameworks */,
				1D8B6A4C2120758600AA6E50 /* ReactiveSwift.framework in Embed Frameworks */,
				1D8B6A5C2120758600AA6E50 /* sqliterk.swift.framework in Embed Frameworks */,
				1D8B6A2E2120751200AA6E50 /* Result.framework in Embed Frameworks */,
				1D8B6A582120758600AA6E50 /* SDWebImage.framework in Embed Frameworks */,
				1D8B6A5A2120758600AA6E50 /* sqlcipher.swift.framework in Embed Frameworks */,
				1D8B6A522120758600AA6E50 /* RxMoya.framework in Embed Frameworks */,
				1D8B6A192120745500AA6E50 /* WCDBSwift.framework in Embed Frameworks */,
				1D8B6A502120758600AA6E50 /* RxCocoa.framework in Embed Frameworks */,
			);
			name = "Embed Frameworks";
			runOnlyForDeploymentPostprocessing = 0;
		};
/* End PBXCopyFilesBuildPhase section */

/* Begin PBXFileReference section */
		1D10F9DD1F8EA96300EA8FC1 /* manuscript.swift */ = {isa = PBXFileReference; lastKnownFileType = sourcecode.swift; path = manuscript.swift; sourceTree = "<group>"; };
		1D445BD1200FD4AA0007B177 /* ATAreaMapModel.swift */ = {isa = PBXFileReference; lastKnownFileType = sourcecode.swift; path = ATAreaMapModel.swift; sourceTree = "<group>"; };
		1D445BD3200FEA340007B177 /* Protocol.swift */ = {isa = PBXFileReference; lastKnownFileType = sourcecode.swift; path = Protocol.swift; sourceTree = "<group>"; };
		1D445BD5201112530007B177 /* ATAreaMapCellModel.swift */ = {isa = PBXFileReference; lastKnownFileType = sourcecode.swift; path = ATAreaMapCellModel.swift; sourceTree = "<group>"; };
		1D61FA971F9BC0CD0062FD60 /* Assets.xcassets */ = {isa = PBXFileReference; lastKnownFileType = folder.assetcatalog; path = Assets.xcassets; sourceTree = "<group>"; };
		1D7BA9AD1FCB5CD7000BBC5B /* ATUserSettingTool.swift */ = {isa = PBXFileReference; lastKnownFileType = sourcecode.swift; path = ATUserSettingTool.swift; sourceTree = "<group>"; };
		1D8B69FA211F9FBD00AA6E50 /* WCDBSwift.framework */ = {isa = PBXFileReference; lastKnownFileType = wrapper.framework; path = WCDBSwift.framework; sourceTree = "<group>"; };
		1D8B69FE211F9FD800AA6E50 /* Alamofire.framework */ = {isa = PBXFileReference; lastKnownFileType = wrapper.framework; path = Alamofire.framework; sourceTree = "<group>"; };
		1D8B6A00211F9FF000AA6E50 /* SnapKit.framework */ = {isa = PBXFileReference; lastKnownFileType = wrapper.framework; path = SnapKit.framework; sourceTree = "<group>"; };
		1D8B6A02211FA0A500AA6E50 /* SwiftDate.framework */ = {isa = PBXFileReference; lastKnownFileType = wrapper.framework; path = SwiftDate.framework; sourceTree = "<group>"; };
		1D8B6A2B212074F800AA6E50 /* Result.framework */ = {isa = PBXFileReference; lastKnownFileType = wrapper.framework; path = Result.framework; sourceTree = "<group>"; };
		1D8B6A2F2120757100AA6E50 /* ReactiveSwift.framework */ = {isa = PBXFileReference; lastKnownFileType = wrapper.framework; path = ReactiveSwift.framework; sourceTree = "<group>"; };
		1D8B6A302120757200AA6E50 /* RxSwift.framework */ = {isa = PBXFileReference; lastKnownFileType = wrapper.framework; path = RxSwift.framework; sourceTree = "<group>"; };
		1D8B6A312120757200AA6E50 /* RxMoya.framework */ = {isa = PBXFileReference; lastKnownFileType = wrapper.framework; path = RxMoya.framework; sourceTree = "<group>"; };
		1D8B6A322120757300AA6E50 /* RxCocoa.framework */ = {isa = PBXFileReference; lastKnownFileType = wrapper.framework; path = RxCocoa.framework; sourceTree = "<group>"; };
		1D8B6A342120757400AA6E50 /* RxBlocking.framework */ = {isa = PBXFileReference; lastKnownFileType = wrapper.framework; path = RxBlocking.framework; sourceTree = "<group>"; };
		1D8B6A352120757500AA6E50 /* sqliterk.swift.framework */ = {isa = PBXFileReference; lastKnownFileType = wrapper.framework; path = sqliterk.swift.framework; sourceTree = "<group>"; };
		1D8B6A362120757600AA6E50 /* SwiftyJSON.framework */ = {isa = PBXFileReference; lastKnownFileType = wrapper.framework; path = SwiftyJSON.framework; sourceTree = "<group>"; };
		1D8B6A372120757600AA6E50 /* ReactiveMoya.framework */ = {isa = PBXFileReference; lastKnownFileType = wrapper.framework; path = ReactiveMoya.framework; sourceTree = "<group>"; };
		1D8B6A382120757700AA6E50 /* SDWebImage.framework */ = {isa = PBXFileReference; lastKnownFileType = wrapper.framework; path = SDWebImage.framework; sourceTree = "<group>"; };
		1D8B6A392120757800AA6E50 /* Moya.framework */ = {isa = PBXFileReference; lastKnownFileType = wrapper.framework; path = Moya.framework; sourceTree = "<group>"; };
		1D8B6A3A2120757900AA6E50 /* sqlcipher.swift.framework */ = {isa = PBXFileReference; lastKnownFileType = wrapper.framework; path = sqlcipher.swift.framework; sourceTree = "<group>"; };
		1D93A5541FF83B9800B65547 /* ATFirstUseGuideViewController.swift */ = {isa = PBXFileReference; lastKnownFileType = sourcecode.swift; path = ATFirstUseGuideViewController.swift; sourceTree = "<group>"; };
		1D93A5561FF83BAD00B65547 /* ATNewVersionGuideViewController.swift */ = {isa = PBXFileReference; lastKnownFileType = sourcecode.swift; path = ATNewVersionGuideViewController.swift; sourceTree = "<group>"; };
		1D93A5CF20024BB900B65547 /* ATDataTool.swift */ = {isa = PBXFileReference; lastKnownFileType = sourcecode.swift; path = ATDataTool.swift; sourceTree = "<group>"; };
		1D93A60020029A5100B65547 /* ATResourceModel.swift */ = {isa = PBXFileReference; lastKnownFileType = sourcecode.swift; path = ATResourceModel.swift; sourceTree = "<group>"; };
		1DDB908E200BEDAF00396DE3 /* ATDBTool.swift */ = {isa = PBXFileReference; lastKnownFileType = sourcecode.swift; path = ATDBTool.swift; sourceTree = "<group>"; };
		1DDB9093200BEF7E00396DE3 /* ATAreaModel.swift */ = {isa = PBXFileReference; lastKnownFileType = sourcecode.swift; path = ATAreaModel.swift; sourceTree = "<group>"; };
		47058AFF1FA36C2D00C8CECB /* ATImproveViewController.swift */ = {isa = PBXFileReference; lastKnownFileType = sourcecode.swift; path = ATImproveViewController.swift; sourceTree = "<group>"; };
		47058B011FA36C5300C8CECB /* ATAboutViewController.swift */ = {isa = PBXFileReference; lastKnownFileType = sourcecode.swift; path = ATAboutViewController.swift; sourceTree = "<group>"; };
		47058B031FA36CAC00C8CECB /* ATEquipViewController.swift */ = {isa = PBXFileReference; lastKnownFileType = sourcecode.swift; path = ATEquipViewController.swift; sourceTree = "<group>"; };
		47058B051FA36CBF00C8CECB /* ATShipViewController.swift */ = {isa = PBXFileReference; lastKnownFileType = sourcecode.swift; path = ATShipViewController.swift; sourceTree = "<group>"; };
		47058B071FA36CD300C8CECB /* ATAreaViewController.swift */ = {isa = PBXFileReference; lastKnownFileType = sourcecode.swift; path = ATAreaViewController.swift; sourceTree = "<group>"; };
		47058B091FA36CEC00C8CECB /* ATEnemyViewController.swift */ = {isa = PBXFileReference; lastKnownFileType = sourcecode.swift; path = ATEnemyViewController.swift; sourceTree = "<group>"; };
		47058B0B1FA36D0800C8CECB /* ATMissionViewController.swift */ = {isa = PBXFileReference; lastKnownFileType = sourcecode.swift; path = ATMissionViewController.swift; sourceTree = "<group>"; };
		47058B0D1FA36D1E00C8CECB /* ATExpeditionViewController.swift */ = {isa = PBXFileReference; lastKnownFileType = sourcecode.swift; path = ATExpeditionViewController.swift; sourceTree = "<group>"; };
		47058B0F1FA36D4000C8CECB /* ATToolboxViewController.swift */ = {isa = PBXFileReference; lastKnownFileType = sourcecode.swift; path = ATToolboxViewController.swift; sourceTree = "<group>"; };
		47058B111FA36D5900C8CECB /* ATSettingViewController.swift */ = {isa = PBXFileReference; lastKnownFileType = sourcecode.swift; path = ATSettingViewController.swift; sourceTree = "<group>"; };
		470A5EAD1FB40216003ABF82 /* ATSettingTwitterLanguageViewController.swift */ = {isa = PBXFileReference; lastKnownFileType = sourcecode.swift; path = ATSettingTwitterLanguageViewController.swift; sourceTree = "<group>"; };
		470A5EAF1FB4053B003ABF82 /* ATTableView.swift */ = {isa = PBXFileReference; lastKnownFileType = sourcecode.swift; path = ATTableView.swift; sourceTree = "<group>"; };
		472C6ADC1F90D6DC0027C6B3 /* LSPageTabView.swift */ = {isa = PBXFileReference; lastKnownFileType = sourcecode.swift; path = LSPageTabView.swift; sourceTree = "<group>"; };
		472C6ADF1F90DA420027C6B3 /* Constant.swift */ = {isa = PBXFileReference; lastKnownFileType = sourcecode.swift; path = Constant.swift; sourceTree = "<group>"; };
		472C6AE11F90E0FD0027C6B3 /* ExtensionUIDevice.swift */ = {isa = PBXFileReference; lastKnownFileType = sourcecode.swift; path = ExtensionUIDevice.swift; sourceTree = "<group>"; };
		472C6AE41F90E1260027C6B3 /* ExtensionUIScreen.swift */ = {isa = PBXFileReference; lastKnownFileType = sourcecode.swift; path = ExtensionUIScreen.swift; sourceTree = "<group>"; };
		472C6AE61F90F2350027C6B3 /* Function.swift */ = {isa = PBXFileReference; lastKnownFileType = sourcecode.swift; path = Function.swift; sourceTree = "<group>"; };
		472C6AE81F90F2D70027C6B3 /* ExtensionUIColor.swift */ = {isa = PBXFileReference; lastKnownFileType = sourcecode.swift; path = ExtensionUIColor.swift; sourceTree = "<group>"; };
		4748C1751FA0C3BB005F5D2D /* ATHomeMenuView.swift */ = {isa = PBXFileReference; lastKnownFileType = sourcecode.swift; path = ATHomeMenuView.swift; sourceTree = "<group>"; };
		4748C1771FA0C4B7005F5D2D /* ATScrollView.swift */ = {isa = PBXFileReference; lastKnownFileType = sourcecode.swift; path = ATScrollView.swift; sourceTree = "<group>"; };
		47671BB61F98CCDB00426CBC /* ATAvatarListViewController.swift */ = {isa = PBXFileReference; lastKnownFileType = sourcecode.swift; path = ATAvatarListViewController.swift; sourceTree = "<group>"; };
		47829C911F9F22BA00523E75 /* ATViewController.swift */ = {isa = PBXFileReference; lastKnownFileType = sourcecode.swift; path = ATViewController.swift; sourceTree = "<group>"; };
		47894F601F92031900E55E4D /* ExtensionUIView.swift */ = {isa = PBXFileReference; lastKnownFileType = sourcecode.swift; path = ExtensionUIView.swift; sourceTree = "<group>"; };
		47C5FE941F962D54005B4073 /* ATNetworkTool.swift */ = {isa = PBXFileReference; lastKnownFileType = sourcecode.swift; path = ATNetworkTool.swift; sourceTree = "<group>"; };
		47C5FEB21F962D6F005B4073 /* ATTwitterModel.swift */ = {isa = PBXFileReference; lastKnownFileType = sourcecode.swift; path = ATTwitterModel.swift; sourceTree = "<group>"; };
		47CC33E41F8B929400B7CFB1 /* akashiToolkit.app */ = {isa = PBXFileReference; explicitFileType = wrapper.application; includeInIndex = 0; path = akashiToolkit.app; sourceTree = BUILT_PRODUCTS_DIR; };
		47CC33E71F8B929400B7CFB1 /* AppDelegate.swift */ = {isa = PBXFileReference; lastKnownFileType = sourcecode.swift; path = AppDelegate.swift; sourceTree = "<group>"; };
		47CC33F31F8B929400B7CFB1 /* Info.plist */ = {isa = PBXFileReference; lastKnownFileType = text.plist.xml; path = Info.plist; sourceTree = "<group>"; };
		47CC33F91F8B954700B7CFB1 /* ATHomeViewController.swift */ = {isa = PBXFileReference; lastKnownFileType = sourcecode.swift; path = ATHomeViewController.swift; sourceTree = "<group>"; };
		47CC33FB1F8B992800B7CFB1 /* ATNavigationController.swift */ = {isa = PBXFileReference; lastKnownFileType = sourcecode.swift; path = ATNavigationController.swift; sourceTree = "<group>"; };
		47D4E7A61F9A2B2000C9D27F /* ATImagePageViewController.swift */ = {isa = PBXFileReference; lastKnownFileType = sourcecode.swift; path = ATImagePageViewController.swift; sourceTree = "<group>"; };
		47D4E7D41F9B272100C9D27F /* ATPermissionsTool.swift */ = {isa = PBXFileReference; lastKnownFileType = sourcecode.swift; path = ATPermissionsTool.swift; sourceTree = "<group>"; };
		47D4E7EF1F9B453900C9D27F /* ExtensionUIViewController.swift */ = {isa = PBXFileReference; lastKnownFileType = sourcecode.swift; path = ExtensionUIViewController.swift; sourceTree = "<group>"; };
		47D4E7F11F9B4C0400C9D27F /* ATToastMessageTool.swift */ = {isa = PBXFileReference; lastKnownFileType = sourcecode.swift; path = ATToastMessageTool.swift; sourceTree = "<group>"; };
		47DF9B5D1F9DCFD30075CF12 /* ExtensionGCD.swift */ = {isa = PBXFileReference; lastKnownFileType = sourcecode.swift; path = ExtensionGCD.swift; sourceTree = "<group>"; };
		47F3BF591F94688100CC4398 /* ExtensionUIImage.swift */ = {isa = PBXFileReference; lastKnownFileType = sourcecode.swift; path = ExtensionUIImage.swift; sourceTree = "<group>"; };
		47F555DB1F9EEA9200B09AFA /* ExtensionUIFont.swift */ = {isa = PBXFileReference; lastKnownFileType = sourcecode.swift; path = ExtensionUIFont.swift; sourceTree = "<group>"; };
		47F555F61F9EEF7800B09AFA /* ExtensionString.swift */ = {isa = PBXFileReference; lastKnownFileType = sourcecode.swift; path = ExtensionString.swift; sourceTree = "<group>"; };
/* End PBXFileReference section */

/* Begin PBXFrameworksBuildPhase section */
		47CC33E11F8B929400B7CFB1 /* Frameworks */ = {
			isa = PBXFrameworksBuildPhase;
			buildActionMask = 2147483647;
			files = (
				1D8B6A5F2120759600AA6E50 /* Alamofire.framework in Frameworks */,
				1D8B6A602120759600AA6E50 /* Moya.framework in Frameworks */,
				1D8B6A612120759600AA6E50 /* ReactiveMoya.framework in Frameworks */,
				1D8B6A622120759600AA6E50 /* ReactiveSwift.framework in Frameworks */,
				1D8B6A632120759600AA6E50 /* Result.framework in Frameworks */,
				1D8B6A642120759600AA6E50 /* RxBlocking.framework in Frameworks */,
				1D8B6A652120759600AA6E50 /* RxCocoa.framework in Frameworks */,
				1D8B6A662120759600AA6E50 /* RxMoya.framework in Frameworks */,
				1D8B6A672120759600AA6E50 /* RxSwift.framework in Frameworks */,
				1D8B6A692120759600AA6E50 /* SDWebImage.framework in Frameworks */,
				1D8B6A6A2120759600AA6E50 /* SnapKit.framework in Frameworks */,
				1D8B6A6B2120759600AA6E50 /* sqlcipher.swift.framework in Frameworks */,
				1D8B6A6C2120759600AA6E50 /* sqliterk.swift.framework in Frameworks */,
				1D8B6A6D2120759600AA6E50 /* SwiftDate.framework in Frameworks */,
				1D8B6A6E2120759600AA6E50 /* SwiftyJSON.framework in Frameworks */,
				1D8B6A702120759600AA6E50 /* WCDBSwift.framework in Frameworks */,
			);
			runOnlyForDeploymentPostprocessing = 0;
		};
/* End PBXFrameworksBuildPhase section */

/* Begin PBXGroup section */
		1D93A5531FF83A6E00B65547 /* Guide */ = {
			isa = PBXGroup;
			children = (
				1D93A5541FF83B9800B65547 /* ATFirstUseGuideViewController.swift */,
				1D93A5561FF83BAD00B65547 /* ATNewVersionGuideViewController.swift */,
			);
			path = Guide;
			sourceTree = "<group>";
		};
		1DDB9090200BEDC000396DE3 /* Data */ = {
			isa = PBXGroup;
			children = (
				1D93A5CF20024BB900B65547 /* ATDataTool.swift */,
				47C5FE941F962D54005B4073 /* ATNetworkTool.swift */,
				1DDB908E200BEDAF00396DE3 /* ATDBTool.swift */,
			);
			path = Data;
			sourceTree = "<group>";
		};
		1DDB9091200BEDDA00396DE3 /* UI */ = {
			isa = PBXGroup;
			children = (
				47D4E7F11F9B4C0400C9D27F /* ATToastMessageTool.swift */,
			);
			path = UI;
			sourceTree = "<group>";
		};
		1DDB9092200BEEAB00396DE3 /* Area */ = {
			isa = PBXGroup;
			children = (
				1DDB9093200BEF7E00396DE3 /* ATAreaModel.swift */,
				1D445BD1200FD4AA0007B177 /* ATAreaMapModel.swift */,
				1D445BD5201112530007B177 /* ATAreaMapCellModel.swift */,
			);
			path = Area;
			sourceTree = "<group>";
		};
		47058ADB1FA36AF000C8CECB /* Module */ = {
			isa = PBXGroup;
			children = (
				47F3BF741F949E0B00CC4398 /* Home */,
				47058AF51FA36B1200C8CECB /* Improve */,
				47058AF61FA36B4500C8CECB /* Equipment */,
				47058AF71FA36B5300C8CECB /* Ship */,
				47058AF81FA36B5A00C8CECB /* Area */,
				47058AF91FA36B6000C8CECB /* Enemy */,
				47058AFA1FA36B7C00C8CECB /* Mission */,
				47058AFB1FA36B9C00C8CECB /* Expedition */,
				47058AFC1FA36BAA00C8CECB /* Toolbox */,
				47058AFD1FA36BCC00C8CECB /* Setting */,
				47058AFE1FA36BD200C8CECB /* About */,
				1D93A5531FF83A6E00B65547 /* Guide */,
			);
			path = Module;
			sourceTree = "<group>";
		};
		47058AF51FA36B1200C8CECB /* Improve */ = {
			isa = PBXGroup;
			children = (
				47058AFF1FA36C2D00C8CECB /* ATImproveViewController.swift */,
			);
			path = Improve;
			sourceTree = "<group>";
		};
		47058AF61FA36B4500C8CECB /* Equipment */ = {
			isa = PBXGroup;
			children = (
				47058B031FA36CAC00C8CECB /* ATEquipViewController.swift */,
			);
			path = Equipment;
			sourceTree = "<group>";
		};
		47058AF71FA36B5300C8CECB /* Ship */ = {
			isa = PBXGroup;
			children = (
				47058B051FA36CBF00C8CECB /* ATShipViewController.swift */,
			);
			path = Ship;
			sourceTree = "<group>";
		};
		47058AF81FA36B5A00C8CECB /* Area */ = {
			isa = PBXGroup;
			children = (
				47058B071FA36CD300C8CECB /* ATAreaViewController.swift */,
			);
			path = Area;
			sourceTree = "<group>";
		};
		47058AF91FA36B6000C8CECB /* Enemy */ = {
			isa = PBXGroup;
			children = (
				47058B091FA36CEC00C8CECB /* ATEnemyViewController.swift */,
			);
			path = Enemy;
			sourceTree = "<group>";
		};
		47058AFA1FA36B7C00C8CECB /* Mission */ = {
			isa = PBXGroup;
			children = (
				47058B0B1FA36D0800C8CECB /* ATMissionViewController.swift */,
			);
			path = Mission;
			sourceTree = "<group>";
		};
		47058AFB1FA36B9C00C8CECB /* Expedition */ = {
			isa = PBXGroup;
			children = (
				47058B0D1FA36D1E00C8CECB /* ATExpeditionViewController.swift */,
			);
			path = Expedition;
			sourceTree = "<group>";
		};
		47058AFC1FA36BAA00C8CECB /* Toolbox */ = {
			isa = PBXGroup;
			children = (
				47058B0F1FA36D4000C8CECB /* ATToolboxViewController.swift */,
			);
			path = Toolbox;
			sourceTree = "<group>";
		};
		47058AFD1FA36BCC00C8CECB /* Setting */ = {
			isa = PBXGroup;
			children = (
				47058B111FA36D5900C8CECB /* ATSettingViewController.swift */,
				470A5EAD1FB40216003ABF82 /* ATSettingTwitterLanguageViewController.swift */,
			);
			path = Setting;
			sourceTree = "<group>";
		};
		47058AFE1FA36BD200C8CECB /* About */ = {
			isa = PBXGroup;
			children = (
				47058B011FA36C5300C8CECB /* ATAboutViewController.swift */,
			);
			path = About;
			sourceTree = "<group>";
		};
		472C6ADB1F90D6410027C6B3 /* ManualFile */ = {
			isa = PBXGroup;
			children = (
				47F3BF7F1F94CE3500CC4398 /* LSPageTabView */,
			);
			path = ManualFile;
			sourceTree = "<group>";
		};
		472C6ADE1F90D9CF0027C6B3 /* Tools */ = {
			isa = PBXGroup;
			children = (
				1DDB9091200BEDDA00396DE3 /* UI */,
				1DDB9090200BEDC000396DE3 /* Data */,
				47D4E7D41F9B272100C9D27F /* ATPermissionsTool.swift */,
				1D7BA9AD1FCB5CD7000BBC5B /* ATUserSettingTool.swift */,
			);
			path = Tools;
			sourceTree = "<group>";
		};
		472C6AE31F90E1080027C6B3 /* Extension */ = {
			isa = PBXGroup;
			children = (
				47DF9B5D1F9DCFD30075CF12 /* ExtensionGCD.swift */,
				47F555F61F9EEF7800B09AFA /* ExtensionString.swift */,
				472C6AE81F90F2D70027C6B3 /* ExtensionUIColor.swift */,
				472C6AE11F90E0FD0027C6B3 /* ExtensionUIDevice.swift */,
				47F555DB1F9EEA9200B09AFA /* ExtensionUIFont.swift */,
				47F3BF591F94688100CC4398 /* ExtensionUIImage.swift */,
				472C6AE41F90E1260027C6B3 /* ExtensionUIScreen.swift */,
				47894F601F92031900E55E4D /* ExtensionUIView.swift */,
				47D4E7EF1F9B453900C9D27F /* ExtensionUIViewController.swift */,
			);
			path = Extension;
			sourceTree = "<group>";
		};
		47C5FEB11F962D6F005B4073 /* Model */ = {
			isa = PBXGroup;
			children = (
				1DDB9092200BEEAB00396DE3 /* Area */,
				47C5FEB21F962D6F005B4073 /* ATTwitterModel.swift */,
				1D93A60020029A5100B65547 /* ATResourceModel.swift */,
			);
			path = Model;
			sourceTree = "<group>";
		};
		47C5FEB51F962F3A005B4073 /* Support */ = {
			isa = PBXGroup;
			children = (
				47CC33E71F8B929400B7CFB1 /* AppDelegate.swift */,
				47CC33F31F8B929400B7CFB1 /* Info.plist */,
				1D61FA971F9BC0CD0062FD60 /* Assets.xcassets */,
			);
			name = Support;
			sourceTree = "<group>";
		};
		47CC33DB1F8B929400B7CFB1 = {
			isa = PBXGroup;
			children = (
				47CC33E61F8B929400B7CFB1 /* akashiToolkit */,
				47CC33E51F8B929400B7CFB1 /* Products */,
				47CC38671F8BB88300B7CFB1 /* Frameworks */,
			);
			sourceTree = "<group>";
		};
		47CC33E51F8B929400B7CFB1 /* Products */ = {
			isa = PBXGroup;
			children = (
				47CC33E41F8B929400B7CFB1 /* akashiToolkit.app */,
			);
			name = Products;
			sourceTree = "<group>";
		};
		47CC33E61F8B929400B7CFB1 /* akashiToolkit */ = {
			isa = PBXGroup;
			children = (
				47058ADB1FA36AF000C8CECB /* Module */,
				47F3BF751F94AFD200CC4398 /* Globe */,
				47C5FEB11F962D6F005B4073 /* Model */,
				472C6ADE1F90D9CF0027C6B3 /* Tools */,
				47CC34CB1F8BB86200B7CFB1 /* Lib */,
				472C6AE31F90E1080027C6B3 /* Extension */,
				47C5FEB51F962F3A005B4073 /* Support */,
				1D10F9DD1F8EA96300EA8FC1 /* manuscript.swift */,
			);
			path = akashiToolkit;
			sourceTree = "<group>";
		};
		47CC34CB1F8BB86200B7CFB1 /* Lib */ = {
			isa = PBXGroup;
			children = (
				472C6ADB1F90D6410027C6B3 /* ManualFile */,
				47CC34CC1F8BB86200B7CFB1 /* Cartfile */,
			);
			path = Lib;
			sourceTree = "<group>";
		};
		47CC34CC1F8BB86200B7CFB1 /* Cartfile */ = {
			isa = PBXGroup;
			children = (
				1D8B69FE211F9FD800AA6E50 /* Alamofire.framework */,
				1D8B6A392120757800AA6E50 /* Moya.framework */,
				1D8B6A372120757600AA6E50 /* ReactiveMoya.framework */,
				1D8B6A2F2120757100AA6E50 /* ReactiveSwift.framework */,
				1D8B6A2B212074F800AA6E50 /* Result.framework */,
				1D8B6A342120757400AA6E50 /* RxBlocking.framework */,
				1D8B6A322120757300AA6E50 /* RxCocoa.framework */,
				1D8B6A312120757200AA6E50 /* RxMoya.framework */,
				1D8B6A302120757200AA6E50 /* RxSwift.framework */,
				1D8B6A382120757700AA6E50 /* SDWebImage.framework */,
				1D8B6A00211F9FF000AA6E50 /* SnapKit.framework */,
				1D8B6A3A2120757900AA6E50 /* sqlcipher.swift.framework */,
				1D8B6A352120757500AA6E50 /* sqliterk.swift.framework */,
				1D8B6A02211FA0A500AA6E50 /* SwiftDate.framework */,
				1D8B6A362120757600AA6E50 /* SwiftyJSON.framework */,
				1D8B69FA211F9FBD00AA6E50 /* WCDBSwift.framework */,
			);
			path = Cartfile;
			sourceTree = "<group>";
		};
		47CC38671F8BB88300B7CFB1 /* Frameworks */ = {
			isa = PBXGroup;
			children = (
			);
			name = Frameworks;
			sourceTree = "<group>";
		};
		47F3BF741F949E0B00CC4398 /* Home */ = {
			isa = PBXGroup;
			children = (
				47CC33F91F8B954700B7CFB1 /* ATHomeViewController.swift */,
				47671BB61F98CCDB00426CBC /* ATAvatarListViewController.swift */,
				4748C1751FA0C3BB005F5D2D /* ATHomeMenuView.swift */,
			);
			path = Home;
			sourceTree = "<group>";
		};
		47F3BF751F94AFD200CC4398 /* Globe */ = {
			isa = PBXGroup;
			children = (
				47CC33FB1F8B992800B7CFB1 /* ATNavigationController.swift */,
				47D4E7A61F9A2B2000C9D27F /* ATImagePageViewController.swift */,
				47829C911F9F22BA00523E75 /* ATViewController.swift */,
				4748C1771FA0C4B7005F5D2D /* ATScrollView.swift */,
				470A5EAF1FB4053B003ABF82 /* ATTableView.swift */,
				472C6ADF1F90DA420027C6B3 /* Constant.swift */,
				472C6AE61F90F2350027C6B3 /* Function.swift */,
				1D445BD3200FEA340007B177 /* Protocol.swift */,
			);
			path = Globe;
			sourceTree = "<group>";
		};
		47F3BF7F1F94CE3500CC4398 /* LSPageTabView */ = {
			isa = PBXGroup;
			children = (
				472C6ADC1F90D6DC0027C6B3 /* LSPageTabView.swift */,
			);
			path = LSPageTabView;
			sourceTree = "<group>";
		};
/* End PBXGroup section */

/* Begin PBXNativeTarget section */
		47CC33E31F8B929400B7CFB1 /* akashiToolkit */ = {
			isa = PBXNativeTarget;
			buildConfigurationList = 47CC33F61F8B929400B7CFB1 /* Build configuration list for PBXNativeTarget "akashiToolkit" */;
			buildPhases = (
				47CC33E01F8B929400B7CFB1 /* Sources */,
				47CC33E11F8B929400B7CFB1 /* Frameworks */,
				47CC33E21F8B929400B7CFB1 /* Resources */,
				1D445BD0200D11550007B177 /* Embed Frameworks */,
			);
			buildRules = (
			);
			dependencies = (
			);
			name = akashiToolkit;
			productName = akashiToolkit;
			productReference = 47CC33E41F8B929400B7CFB1 /* akashiToolkit.app */;
			productType = "com.apple.product-type.application";
		};
/* End PBXNativeTarget section */

/* Begin PBXProject section */
		47CC33DC1F8B929400B7CFB1 /* Project object */ = {
			isa = PBXProject;
			attributes = {
				LastSwiftUpdateCheck = 0900;
				LastUpgradeCheck = 1000;
				ORGANIZATIONNAME = kcwikizh;
				TargetAttributes = {
					47CC33E31F8B929400B7CFB1 = {
						CreatedOnToolsVersion = 9.0;
						LastSwiftMigration = 1000;
						ProvisioningStyle = Automatic;
					};
				};
			};
			buildConfigurationList = 47CC33DF1F8B929400B7CFB1 /* Build configuration list for PBXProject "akashiToolkit" */;
			compatibilityVersion = "Xcode 8.0";
			developmentRegion = en;
			hasScannedForEncodings = 0;
			knownRegions = (
				en,
				Base,
			);
			mainGroup = 47CC33DB1F8B929400B7CFB1;
			productRefGroup = 47CC33E51F8B929400B7CFB1 /* Products */;
			projectDirPath = "";
			projectRoot = "";
			targets = (
				47CC33E31F8B929400B7CFB1 /* akashiToolkit */,
			);
		};
/* End PBXProject section */

/* Begin PBXResourcesBuildPhase section */
		47CC33E21F8B929400B7CFB1 /* Resources */ = {
			isa = PBXResourcesBuildPhase;
			buildActionMask = 2147483647;
			files = (
				1D61FA981F9BC0E00062FD60 /* Assets.xcassets in Resources */,
			);
			runOnlyForDeploymentPostprocessing = 0;
		};
/* End PBXResourcesBuildPhase section */

/* Begin PBXSourcesBuildPhase section */
		47CC33E01F8B929400B7CFB1 /* Sources */ = {
			isa = PBXSourcesBuildPhase;
			buildActionMask = 2147483647;
			files = (
				47C5FEB31F962E1E005B4073 /* ATTwitterModel.swift in Sources */,
				472C6AE71F90F2350027C6B3 /* Function.swift in Sources */,
				47058B121FA36D5900C8CECB /* ATSettingViewController.swift in Sources */,
				47CC33E81F8B929400B7CFB1 /* AppDelegate.swift in Sources */,
				47894F611F92031900E55E4D /* ExtensionUIView.swift in Sources */,
				47058B0E1FA36D1E00C8CECB /* ATExpeditionViewController.swift in Sources */,
				1D93A5D020024BB900B65547 /* ATDataTool.swift in Sources */,
				1D93A5571FF83BAD00B65547 /* ATNewVersionGuideViewController.swift in Sources */,
				1D445BD2200FD4AA0007B177 /* ATAreaMapModel.swift in Sources */,
				47671BB71F98CCDB00426CBC /* ATAvatarListViewController.swift in Sources */,
				47058B061FA36CBF00C8CECB /* ATShipViewController.swift in Sources */,
				470A5EAE1FB40216003ABF82 /* ATSettingTwitterLanguageViewController.swift in Sources */,
				1DDB9094200BEF7E00396DE3 /* ATAreaModel.swift in Sources */,
				47D4E7F01F9B453900C9D27F /* ExtensionUIViewController.swift in Sources */,
				47058B101FA36D4000C8CECB /* ATToolboxViewController.swift in Sources */,
				1DDB908F200BEDAF00396DE3 /* ATDBTool.swift in Sources */,
				47058B0A1FA36CEC00C8CECB /* ATEnemyViewController.swift in Sources */,
				47F3BF5A1F94688100CC4398 /* ExtensionUIImage.swift in Sources */,
				47F555F71F9EEF7800B09AFA /* ExtensionString.swift in Sources */,
				1D10F9DE1F8EA96400EA8FC1 /* manuscript.swift in Sources */,
				47D4E7D51F9B272100C9D27F /* ATPermissionsTool.swift in Sources */,
				472C6AE91F90F2D70027C6B3 /* ExtensionUIColor.swift in Sources */,
				47829C921F9F22BA00523E75 /* ATViewController.swift in Sources */,
				4748C1781FA0C4B7005F5D2D /* ATScrollView.swift in Sources */,
				472C6ADD1F90D6DC0027C6B3 /* LSPageTabView.swift in Sources */,
				47DF9B5E1F9DCFD30075CF12 /* ExtensionGCD.swift in Sources */,
				47D4E7A71F9A2B2000C9D27F /* ATImagePageViewController.swift in Sources */,
				1D7BA9AE1FCB5CD7000BBC5B /* ATUserSettingTool.swift in Sources */,
				47058B021FA36C5300C8CECB /* ATAboutViewController.swift in Sources */,
				1D445BD4200FEA340007B177 /* Protocol.swift in Sources */,
				47058B081FA36CD300C8CECB /* ATAreaViewController.swift in Sources */,
				47C5FEAF1F962D54005B4073 /* ATNetworkTool.swift in Sources */,
				47F555DC1F9EEA9200B09AFA /* ExtensionUIFont.swift in Sources */,
				472C6AE21F90E0FD0027C6B3 /* ExtensionUIDevice.swift in Sources */,
				4748C1761FA0C3BB005F5D2D /* ATHomeMenuView.swift in Sources */,
				47CC33FA1F8B954700B7CFB1 /* ATHomeViewController.swift in Sources */,
				470A5EB01FB4053B003ABF82 /* ATTableView.swift in Sources */,
				1D445BD6201112530007B177 /* ATAreaMapCellModel.swift in Sources */,
				47058B0C1FA36D0800C8CECB /* ATMissionViewController.swift in Sources */,
				472C6AE51F90E1260027C6B3 /* ExtensionUIScreen.swift in Sources */,
				47058B001FA36C2D00C8CECB /* ATImproveViewController.swift in Sources */,
				47CC33FC1F8B992800B7CFB1 /* ATNavigationController.swift in Sources */,
				1D93A60120029A5100B65547 /* ATResourceModel.swift in Sources */,
				1D93A5551FF83B9800B65547 /* ATFirstUseGuideViewController.swift in Sources */,
				47D4E7F21F9B4C0400C9D27F /* ATToastMessageTool.swift in Sources */,
				472C6AE01F90DA420027C6B3 /* Constant.swift in Sources */,
				47058B041FA36CAC00C8CECB /* ATEquipViewController.swift in Sources */,
			);
			runOnlyForDeploymentPostprocessing = 0;
		};
/* End PBXSourcesBuildPhase section */

/* Begin XCBuildConfiguration section */
		47CC33F41F8B929400B7CFB1 /* Debug */ = {
			isa = XCBuildConfiguration;
			buildSettings = {
				ALWAYS_SEARCH_USER_PATHS = NO;
				CLANG_ANALYZER_NONNULL = YES;
				CLANG_ANALYZER_NUMBER_OBJECT_CONVERSION = YES_AGGRESSIVE;
				CLANG_CXX_LANGUAGE_STANDARD = "gnu++14";
				CLANG_CXX_LIBRARY = "libc++";
				CLANG_ENABLE_MODULES = YES;
				CLANG_ENABLE_OBJC_ARC = YES;
				CLANG_WARN_BLOCK_CAPTURE_AUTORELEASING = YES;
				CLANG_WARN_BOOL_CONVERSION = YES;
				CLANG_WARN_COMMA = YES;
				CLANG_WARN_CONSTANT_CONVERSION = YES;
				CLANG_WARN_DEPRECATED_OBJC_IMPLEMENTATIONS = YES;
				CLANG_WARN_DIRECT_OBJC_ISA_USAGE = YES_ERROR;
				CLANG_WARN_DOCUMENTATION_COMMENTS = YES;
				CLANG_WARN_EMPTY_BODY = YES;
				CLANG_WARN_ENUM_CONVERSION = YES;
				CLANG_WARN_INFINITE_RECURSION = YES;
				CLANG_WARN_INT_CONVERSION = YES;
				CLANG_WARN_NON_LITERAL_NULL_CONVERSION = YES;
				CLANG_WARN_OBJC_IMPLICIT_RETAIN_SELF = YES;
				CLANG_WARN_OBJC_LITERAL_CONVERSION = YES;
				CLANG_WARN_OBJC_ROOT_CLASS = YES_ERROR;
				CLANG_WARN_RANGE_LOOP_ANALYSIS = YES;
				CLANG_WARN_STRICT_PROTOTYPES = YES;
				CLANG_WARN_SUSPICIOUS_MOVE = YES;
				CLANG_WARN_UNGUARDED_AVAILABILITY = YES_AGGRESSIVE;
				CLANG_WARN_UNREACHABLE_CODE = YES;
				CLANG_WARN__DUPLICATE_METHOD_MATCH = YES;
				CODE_SIGN_IDENTITY = "iPhone Developer";
				COPY_PHASE_STRIP = NO;
				DEBUG_INFORMATION_FORMAT = dwarf;
				ENABLE_STRICT_OBJC_MSGSEND = YES;
				ENABLE_TESTABILITY = YES;
				GCC_C_LANGUAGE_STANDARD = gnu11;
				GCC_DYNAMIC_NO_PIC = NO;
				GCC_NO_COMMON_BLOCKS = YES;
				GCC_OPTIMIZATION_LEVEL = 0;
				GCC_PREPROCESSOR_DEFINITIONS = (
					"DEBUG=1",
					"$(inherited)",
				);
				GCC_WARN_64_TO_32_BIT_CONVERSION = YES;
				GCC_WARN_ABOUT_RETURN_TYPE = YES_ERROR;
				GCC_WARN_UNDECLARED_SELECTOR = YES;
				GCC_WARN_UNINITIALIZED_AUTOS = YES_AGGRESSIVE;
				GCC_WARN_UNUSED_FUNCTION = YES;
				GCC_WARN_UNUSED_VARIABLE = YES;
				IPHONEOS_DEPLOYMENT_TARGET = 11.0;
				MTL_ENABLE_DEBUG_INFO = YES;
				ONLY_ACTIVE_ARCH = YES;
				SDKROOT = iphoneos;
				SWIFT_ACTIVE_COMPILATION_CONDITIONS = DEBUG;
				SWIFT_OPTIMIZATION_LEVEL = "-Onone";
				SWIFT_VERSION = 4.2;
			};
			name = Debug;
		};
		47CC33F51F8B929400B7CFB1 /* Release */ = {
			isa = XCBuildConfiguration;
			buildSettings = {
				ALWAYS_SEARCH_USER_PATHS = NO;
				CLANG_ANALYZER_NONNULL = YES;
				CLANG_ANALYZER_NUMBER_OBJECT_CONVERSION = YES_AGGRESSIVE;
				CLANG_CXX_LANGUAGE_STANDARD = "gnu++14";
				CLANG_CXX_LIBRARY = "libc++";
				CLANG_ENABLE_MODULES = YES;
				CLANG_ENABLE_OBJC_ARC = YES;
				CLANG_WARN_BLOCK_CAPTURE_AUTORELEASING = YES;
				CLANG_WARN_BOOL_CONVERSION = YES;
				CLANG_WARN_COMMA = YES;
				CLANG_WARN_CONSTANT_CONVERSION = YES;
				CLANG_WARN_DEPRECATED_OBJC_IMPLEMENTATIONS = YES;
				CLANG_WARN_DIRECT_OBJC_ISA_USAGE = YES_ERROR;
				CLANG_WARN_DOCUMENTATION_COMMENTS = YES;
				CLANG_WARN_EMPTY_BODY = YES;
				CLANG_WARN_ENUM_CONVERSION = YES;
				CLANG_WARN_INFINITE_RECURSION = YES;
				CLANG_WARN_INT_CONVERSION = YES;
				CLANG_WARN_NON_LITERAL_NULL_CONVERSION = YES;
				CLANG_WARN_OBJC_IMPLICIT_RETAIN_SELF = YES;
				CLANG_WARN_OBJC_LITERAL_CONVERSION = YES;
				CLANG_WARN_OBJC_ROOT_CLASS = YES_ERROR;
				CLANG_WARN_RANGE_LOOP_ANALYSIS = YES;
				CLANG_WARN_STRICT_PROTOTYPES = YES;
				CLANG_WARN_SUSPICIOUS_MOVE = YES;
				CLANG_WARN_UNGUARDED_AVAILABILITY = YES_AGGRESSIVE;
				CLANG_WARN_UNREACHABLE_CODE = YES;
				CLANG_WARN__DUPLICATE_METHOD_MATCH = YES;
				CODE_SIGN_IDENTITY = "iPhone Developer";
				COPY_PHASE_STRIP = NO;
				DEBUG_INFORMATION_FORMAT = "dwarf-with-dsym";
				ENABLE_NS_ASSERTIONS = NO;
				ENABLE_STRICT_OBJC_MSGSEND = YES;
				GCC_C_LANGUAGE_STANDARD = gnu11;
				GCC_NO_COMMON_BLOCKS = YES;
				GCC_WARN_64_TO_32_BIT_CONVERSION = YES;
				GCC_WARN_ABOUT_RETURN_TYPE = YES_ERROR;
				GCC_WARN_UNDECLARED_SELECTOR = YES;
				GCC_WARN_UNINITIALIZED_AUTOS = YES_AGGRESSIVE;
				GCC_WARN_UNUSED_FUNCTION = YES;
				GCC_WARN_UNUSED_VARIABLE = YES;
				IPHONEOS_DEPLOYMENT_TARGET = 11.0;
				MTL_ENABLE_DEBUG_INFO = NO;
				SDKROOT = iphoneos;
				SWIFT_OPTIMIZATION_LEVEL = "-Owholemodule";
				SWIFT_VERSION = 4.2;
				VALIDATE_PRODUCT = YES;
			};
			name = Release;
		};
		47CC33F71F8B929400B7CFB1 /* Debug */ = {
			isa = XCBuildConfiguration;
			buildSettings = {
				ASSETCATALOG_COMPILER_APPICON_NAME = AppIcon;
				ASSETCATALOG_COMPILER_LAUNCHIMAGE_NAME = LaunchImages;
				CLANG_ENABLE_MODULES = YES;
				CODE_SIGN_STYLE = Automatic;
				DEVELOPMENT_TEAM = FAHA792R32;
				FRAMEWORK_SEARCH_PATHS = (
					"$(inherited)",
					"\"$(SRCROOT)/akashiToolkit/Lib/Cartfile\"",
					"$(PROJECT_DIR)/akashiToolkit/Lib/Cartfile",
				);
				INFOPLIST_FILE = akashiToolkit/Info.plist;
				IPHONEOS_DEPLOYMENT_TARGET = 11.0;
				LD_RUNPATH_SEARCH_PATHS = "$(inherited) @executable_path/Frameworks";
				PRODUCT_BUNDLE_IDENTIFIER = kcwikizh.akashiToolkit;
				PRODUCT_NAME = "$(TARGET_NAME)";
				SWIFT_OPTIMIZATION_LEVEL = "-Onone";
				SWIFT_VERSION = 4.2;
				TARGETED_DEVICE_FAMILY = "1,2";
			};
			name = Debug;
		};
		47CC33F81F8B929400B7CFB1 /* Release */ = {
			isa = XCBuildConfiguration;
			buildSettings = {
				ASSETCATALOG_COMPILER_APPICON_NAME = AppIcon;
				ASSETCATALOG_COMPILER_LAUNCHIMAGE_NAME = LaunchImages;
				CLANG_ENABLE_MODULES = YES;
				CODE_SIGN_STYLE = Automatic;
				DEVELOPMENT_TEAM = FAHA792R32;
				FRAMEWORK_SEARCH_PATHS = (
					"$(inherited)",
					"\"$(SRCROOT)/akashiToolkit/Lib/Cartfile\"",
					"$(PROJECT_DIR)/akashiToolkit/Lib/Cartfile",
				);
				INFOPLIST_FILE = akashiToolkit/Info.plist;
				IPHONEOS_DEPLOYMENT_TARGET = 11.0;
				LD_RUNPATH_SEARCH_PATHS = "$(inherited) @executable_path/Frameworks";
				PRODUCT_BUNDLE_IDENTIFIER = kcwikizh.akashiToolkit;
				PRODUCT_NAME = "$(TARGET_NAME)";
				SWIFT_VERSION = 4.2;
				TARGETED_DEVICE_FAMILY = "1,2";
			};
			name = Release;
		};
/* End XCBuildConfiguration section */

/* Begin XCConfigurationList section */
		47CC33DF1F8B929400B7CFB1 /* Build configuration list for PBXProject "akashiToolkit" */ = {
			isa = XCConfigurationList;
			buildConfigurations = (
				47CC33F41F8B929400B7CFB1 /* Debug */,
				47CC33F51F8B929400B7CFB1 /* Release */,
			);
			defaultConfigurationIsVisible = 0;
			defaultConfigurationName = Release;
		};
		47CC33F61F8B929400B7CFB1 /* Build configuration list for PBXNativeTarget "akashiToolkit" */ = {
			isa = XCConfigurationList;
			buildConfigurations = (
				47CC33F71F8B929400B7CFB1 /* Debug */,
				47CC33F81F8B929400B7CFB1 /* Release */,
			);
			defaultConfigurationIsVisible = 0;
			defaultConfigurationName = Release;
		};
/* End XCConfigurationList section */
	};
	rootObject = 47CC33DC1F8B929400B7CFB1 /* Project object */;
}
