// !$*UTF8*$!
{
	archiveVersion = 1;
	classes = {
	};
	objectVersion = 48;
	objects = {

/* Begin PBXBuildFile section */
		1D10F9DE1F8EA96400EA8FC1 /* manuscript.swift in Sources */ = {isa = PBXBuildFile; fileRef = 1D10F9DD1F8EA96300EA8FC1 /* manuscript.swift */; };
		1D445BC2200D11550007B177 /* WCDBSwift.framework in Frameworks */ = {isa = PBXBuildFile; fileRef = 1DDB9054200BEC6200396DE3 /* WCDBSwift.framework */; };
		1D445BC3200D11550007B177 /* WCDBSwift.framework in Embed Frameworks */ = {isa = PBXBuildFile; fileRef = 1DDB9054200BEC6200396DE3 /* WCDBSwift.framework */; settings = {ATTRIBUTES = (CodeSignOnCopy, RemoveHeadersOnCopy, ); }; };
		1D445BC4200D11550007B177 /* sqlcipher.swift.framework in Frameworks */ = {isa = PBXBuildFile; fileRef = 1DDB9056200BEC6200396DE3 /* sqlcipher.swift.framework */; };
		1D445BC5200D11550007B177 /* sqlcipher.swift.framework in Embed Frameworks */ = {isa = PBXBuildFile; fileRef = 1DDB9056200BEC6200396DE3 /* sqlcipher.swift.framework */; settings = {ATTRIBUTES = (CodeSignOnCopy, RemoveHeadersOnCopy, ); }; };
		1D445BC6200D11550007B177 /* SnapKit.framework in Frameworks */ = {isa = PBXBuildFile; fileRef = 1DDB9059200BEC6200396DE3 /* SnapKit.framework */; };
		1D445BC7200D11550007B177 /* SnapKit.framework in Embed Frameworks */ = {isa = PBXBuildFile; fileRef = 1DDB9059200BEC6200396DE3 /* SnapKit.framework */; settings = {ATTRIBUTES = (CodeSignOnCopy, RemoveHeadersOnCopy, ); }; };
		1D445BC8200D11550007B177 /* Alamofire.framework in Frameworks */ = {isa = PBXBuildFile; fileRef = 1DDB905B200BEC6200396DE3 /* Alamofire.framework */; };
		1D445BC9200D11550007B177 /* Alamofire.framework in Embed Frameworks */ = {isa = PBXBuildFile; fileRef = 1DDB905B200BEC6200396DE3 /* Alamofire.framework */; settings = {ATTRIBUTES = (CodeSignOnCopy, RemoveHeadersOnCopy, ); }; };
		1D445BCA200D11550007B177 /* sqliterk.swift.framework in Frameworks */ = {isa = PBXBuildFile; fileRef = 1DDB905D200BEC6200396DE3 /* sqliterk.swift.framework */; };
		1D445BCB200D11550007B177 /* sqliterk.swift.framework in Embed Frameworks */ = {isa = PBXBuildFile; fileRef = 1DDB905D200BEC6200396DE3 /* sqliterk.swift.framework */; settings = {ATTRIBUTES = (CodeSignOnCopy, RemoveHeadersOnCopy, ); }; };
		1D445BCC200D11550007B177 /* SDWebImage.framework in Frameworks */ = {isa = PBXBuildFile; fileRef = 1DDB905E200BEC6200396DE3 /* SDWebImage.framework */; };
		1D445BCD200D11550007B177 /* SDWebImage.framework in Embed Frameworks */ = {isa = PBXBuildFile; fileRef = 1DDB905E200BEC6200396DE3 /* SDWebImage.framework */; settings = {ATTRIBUTES = (CodeSignOnCopy, RemoveHeadersOnCopy, ); }; };
		1D445BCE200D11550007B177 /* WCDB.framework in Frameworks */ = {isa = PBXBuildFile; fileRef = 1DDB9060200BEC6200396DE3 /* WCDB.framework */; };
		1D445BCF200D11550007B177 /* WCDB.framework in Embed Frameworks */ = {isa = PBXBuildFile; fileRef = 1DDB9060200BEC6200396DE3 /* WCDB.framework */; settings = {ATTRIBUTES = (CodeSignOnCopy, RemoveHeadersOnCopy, ); }; };
		1D445BD2200FD4AA0007B177 /* ATAreaMapModel.swift in Sources */ = {isa = PBXBuildFile; fileRef = 1D445BD1200FD4AA0007B177 /* ATAreaMapModel.swift */; };
		1D445BD4200FEA340007B177 /* Protocol.swift in Sources */ = {isa = PBXBuildFile; fileRef = 1D445BD3200FEA340007B177 /* Protocol.swift */; };
		1D61FA981F9BC0E00062FD60 /* Assets.xcassets in Resources */ = {isa = PBXBuildFile; fileRef = 1D61FA971F9BC0CD0062FD60 /* Assets.xcassets */; };
		1D7BA9AE1FCB5CD7000BBC5B /* ATUserSettingTool.swift in Sources */ = {isa = PBXBuildFile; fileRef = 1D7BA9AD1FCB5CD7000BBC5B /* ATUserSettingTool.swift */; };
		1D93A5551FF83B9800B65547 /* ATFirstUseGuideViewController.swift in Sources */ = {isa = PBXBuildFile; fileRef = 1D93A5541FF83B9800B65547 /* ATFirstUseGuideViewController.swift */; };
		1D93A5571FF83BAD00B65547 /* ATNewVersionGuideViewController.swift in Sources */ = {isa = PBXBuildFile; fileRef = 1D93A5561FF83BAD00B65547 /* ATNewVersionGuideViewController.swift */; };
		1D93A5D020024BB900B65547 /* ATDataTool.swift in Sources */ = {isa = PBXBuildFile; fileRef = 1D93A5CF20024BB900B65547 /* ATDataTool.swift */; };
		1D93A60120029A5100B65547 /* ATResourceModel.swift in Sources */ = {isa = PBXBuildFile; fileRef = 1D93A60020029A5100B65547 /* ATResourceModel.swift */; };
		1DDB9068200BEC6200396DE3 /* .Alamofire.version in Resources */ = {isa = PBXBuildFile; fileRef = 1DDB9041200BEC6200396DE3 /* .Alamofire.version */; };
		1DDB9069200BEC6200396DE3 /* sqlcipher.swift.framework.dSYM in Resources */ = {isa = PBXBuildFile; fileRef = 1DDB9043200BEC6200396DE3 /* sqlcipher.swift.framework.dSYM */; };
		1DDB906A200BEC6200396DE3 /* FC8A5980-8D4A-3573-9609-C0220568D283.bcsymbolmap in Resources */ = {isa = PBXBuildFile; fileRef = 1DDB9044200BEC6200396DE3 /* FC8A5980-8D4A-3573-9609-C0220568D283.bcsymbolmap */; };
		1DDB906B200BEC6200396DE3 /* 110BE4E1-24B2-35AE-8EE9-448B23B25440.bcsymbolmap in Resources */ = {isa = PBXBuildFile; fileRef = 1DDB9045200BEC6200396DE3 /* 110BE4E1-24B2-35AE-8EE9-448B23B25440.bcsymbolmap */; };
		1DDB906C200BEC6200396DE3 /* 4089A73F-E18B-338F-937B-2A4809CD83EA.bcsymbolmap in Resources */ = {isa = PBXBuildFile; fileRef = 1DDB9046200BEC6200396DE3 /* 4089A73F-E18B-338F-937B-2A4809CD83EA.bcsymbolmap */; };
		1DDB906D200BEC6200396DE3 /* sqliterk.swift.framework.dSYM in Resources */ = {isa = PBXBuildFile; fileRef = 1DDB9047200BEC6200396DE3 /* sqliterk.swift.framework.dSYM */; };
		1DDB906E200BEC6200396DE3 /* 500011A0-ABDC-3607-9629-A8CDB54D6151.bcsymbolmap in Resources */ = {isa = PBXBuildFile; fileRef = 1DDB9048200BEC6200396DE3 /* 500011A0-ABDC-3607-9629-A8CDB54D6151.bcsymbolmap */; };
		1DDB906F200BEC6200396DE3 /* 7DCBBC6B-E16D-3EA2-BCA1-DF3A7ABCA256.bcsymbolmap in Resources */ = {isa = PBXBuildFile; fileRef = 1DDB9049200BEC6200396DE3 /* 7DCBBC6B-E16D-3EA2-BCA1-DF3A7ABCA256.bcsymbolmap */; };
		1DDB9070200BEC6200396DE3 /* 3F783881-375C-3791-A5F3-0E4B48A14EDC.bcsymbolmap in Resources */ = {isa = PBXBuildFile; fileRef = 1DDB904A200BEC6200396DE3 /* 3F783881-375C-3791-A5F3-0E4B48A14EDC.bcsymbolmap */; };
		1DDB9071200BEC6200396DE3 /* E2227D70-B5C0-3046-B68D-19EAD4E9AE41.bcsymbolmap in Resources */ = {isa = PBXBuildFile; fileRef = 1DDB904B200BEC6200396DE3 /* E2227D70-B5C0-3046-B68D-19EAD4E9AE41.bcsymbolmap */; };
		1DDB9072200BEC6200396DE3 /* SnapKit.framework.dSYM in Resources */ = {isa = PBXBuildFile; fileRef = 1DDB904C200BEC6200396DE3 /* SnapKit.framework.dSYM */; };
		1DDB9073200BEC6200396DE3 /* F38F6F57-F8CC-3266-B266-3114101CF542.bcsymbolmap in Resources */ = {isa = PBXBuildFile; fileRef = 1DDB904D200BEC6200396DE3 /* F38F6F57-F8CC-3266-B266-3114101CF542.bcsymbolmap */; };
		1DDB9074200BEC6200396DE3 /* AEE5B0B3-4011-3C3E-B28B-B478028730C9.bcsymbolmap in Resources */ = {isa = PBXBuildFile; fileRef = 1DDB904E200BEC6200396DE3 /* AEE5B0B3-4011-3C3E-B28B-B478028730C9.bcsymbolmap */; };
		1DDB9075200BEC6200396DE3 /* 4168D598-8899-3C6B-ADAE-2C59057EDE3E.bcsymbolmap in Resources */ = {isa = PBXBuildFile; fileRef = 1DDB904F200BEC6200396DE3 /* 4168D598-8899-3C6B-ADAE-2C59057EDE3E.bcsymbolmap */; };
		1DDB9076200BEC6200396DE3 /* A24F2815-2038-3B96-A46F-3FF1E46FEEAF.bcsymbolmap in Resources */ = {isa = PBXBuildFile; fileRef = 1DDB9050200BEC6200396DE3 /* A24F2815-2038-3B96-A46F-3FF1E46FEEAF.bcsymbolmap */; };
		1DDB9077200BEC6200396DE3 /* 85C3E403-3D85-3DF2-84F4-19F1F1350D74.bcsymbolmap in Resources */ = {isa = PBXBuildFile; fileRef = 1DDB9051200BEC6200396DE3 /* 85C3E403-3D85-3DF2-84F4-19F1F1350D74.bcsymbolmap */; };
		1DDB9078200BEC6200396DE3 /* A985C123-F1BA-3028-9DBD-1B2A125673E3.bcsymbolmap in Resources */ = {isa = PBXBuildFile; fileRef = 1DDB9052200BEC6200396DE3 /* A985C123-F1BA-3028-9DBD-1B2A125673E3.bcsymbolmap */; };
		1DDB9079200BEC6200396DE3 /* WCDB.framework.dSYM in Resources */ = {isa = PBXBuildFile; fileRef = 1DDB9053200BEC6200396DE3 /* WCDB.framework.dSYM */; };
		1DDB907B200BEC6200396DE3 /* WCDBSwift.framework.dSYM in Resources */ = {isa = PBXBuildFile; fileRef = 1DDB9055200BEC6200396DE3 /* WCDBSwift.framework.dSYM */; };
		1DDB907D200BEC6200396DE3 /* 67854825-D267-32DA-890F-659E40FDE90A.bcsymbolmap in Resources */ = {isa = PBXBuildFile; fileRef = 1DDB9057200BEC6200396DE3 /* 67854825-D267-32DA-890F-659E40FDE90A.bcsymbolmap */; };
		1DDB907E200BEC6200396DE3 /* SDWebImage.framework.dSYM in Resources */ = {isa = PBXBuildFile; fileRef = 1DDB9058200BEC6200396DE3 /* SDWebImage.framework.dSYM */; };
		1DDB9080200BEC6200396DE3 /* 92814D90-A044-375D-BD6A-6EF85D058949.bcsymbolmap in Resources */ = {isa = PBXBuildFile; fileRef = 1DDB905A200BEC6200396DE3 /* 92814D90-A044-375D-BD6A-6EF85D058949.bcsymbolmap */; };
		1DDB9082200BEC6200396DE3 /* A5DF7216-1C47-38FC-B531-F2CCD2C7194C.bcsymbolmap in Resources */ = {isa = PBXBuildFile; fileRef = 1DDB905C200BEC6200396DE3 /* A5DF7216-1C47-38FC-B531-F2CCD2C7194C.bcsymbolmap */; };
		1DDB9085200BEC6200396DE3 /* D2A24820-1FAA-3089-9701-7E6BE25024D3.bcsymbolmap in Resources */ = {isa = PBXBuildFile; fileRef = 1DDB905F200BEC6200396DE3 /* D2A24820-1FAA-3089-9701-7E6BE25024D3.bcsymbolmap */; };
		1DDB9087200BEC6200396DE3 /* 2E3F19BE-E5A3-359F-ACC0-A2CDBEFE5F05.bcsymbolmap in Resources */ = {isa = PBXBuildFile; fileRef = 1DDB9061200BEC6200396DE3 /* 2E3F19BE-E5A3-359F-ACC0-A2CDBEFE5F05.bcsymbolmap */; };
		1DDB9088200BEC6200396DE3 /* Alamofire.framework.dSYM in Resources */ = {isa = PBXBuildFile; fileRef = 1DDB9062200BEC6200396DE3 /* Alamofire.framework.dSYM */; };
		1DDB9089200BEC6200396DE3 /* F1F36402-9B60-32D8-80B0-3F97F3C9F1AB.bcsymbolmap in Resources */ = {isa = PBXBuildFile; fileRef = 1DDB9063200BEC6200396DE3 /* F1F36402-9B60-32D8-80B0-3F97F3C9F1AB.bcsymbolmap */; };
		1DDB908A200BEC6200396DE3 /* 14754BAD-041A-3469-9300-08EF9F3A5CAC.bcsymbolmap in Resources */ = {isa = PBXBuildFile; fileRef = 1DDB9064200BEC6200396DE3 /* 14754BAD-041A-3469-9300-08EF9F3A5CAC.bcsymbolmap */; };
		1DDB908B200BEC6200396DE3 /* .WCDB.version in Resources */ = {isa = PBXBuildFile; fileRef = 1DDB9065200BEC6200396DE3 /* .WCDB.version */; };
		1DDB908C200BEC6200396DE3 /* .SnapKit.version in Resources */ = {isa = PBXBuildFile; fileRef = 1DDB9066200BEC6200396DE3 /* .SnapKit.version */; };
		1DDB908D200BEC6200396DE3 /* .SDWebImage.version in Resources */ = {isa = PBXBuildFile; fileRef = 1DDB9067200BEC6200396DE3 /* .SDWebImage.version */; };
		1DDB908F200BEDAF00396DE3 /* ATDBTool.swift in Sources */ = {isa = PBXBuildFile; fileRef = 1DDB908E200BEDAF00396DE3 /* ATDBTool.swift */; };
		1DDB9094200BEF7E00396DE3 /* ATAreaModel.swift in Sources */ = {isa = PBXBuildFile; fileRef = 1DDB9093200BEF7E00396DE3 /* ATAreaModel.swift */; };
		47058B001FA36C2D00C8CECB /* ATImproveViewController.swift in Sources */ = {isa = PBXBuildFile; fileRef = 47058AFF1FA36C2D00C8CECB /* ATImproveViewController.swift */; };
		47058B021FA36C5300C8CECB /* ATAboutViewController.swift in Sources */ = {isa = PBXBuildFile; fileRef = 47058B011FA36C5300C8CECB /* ATAboutViewController.swift */; };
		47058B041FA36CAC00C8CECB /* ATEquipViewController.swift in Sources */ = {isa = PBXBuildFile; fileRef = 47058B031FA36CAC00C8CECB /* ATEquipViewController.swift */; };
		47058B061FA36CBF00C8CECB /* ATShipViewController.swift in Sources */ = {isa = PBXBuildFile; fileRef = 47058B051FA36CBF00C8CECB /* ATShipViewController.swift */; };
		47058B081FA36CD300C8CECB /* ATAreaViewController.swift in Sources */ = {isa = PBXBuildFile; fileRef = 47058B071FA36CD300C8CECB /* ATAreaViewController.swift */; };
		47058B0A1FA36CEC00C8CECB /* ATEnemyViewController.swift in Sources */ = {isa = PBXBuildFile; fileRef = 47058B091FA36CEC00C8CECB /* ATEnemyViewController.swift */; };
		47058B0C1FA36D0800C8CECB /* ATMissionViewController.swift in Sources */ = {isa = PBXBuildFile; fileRef = 47058B0B1FA36D0800C8CECB /* ATMissionViewController.swift */; };
		47058B0E1FA36D1E00C8CECB /* ATExpeditionViewController.swift in Sources */ = {isa = PBXBuildFile; fileRef = 47058B0D1FA36D1E00C8CECB /* ATExpeditionViewController.swift */; };
		47058B101FA36D4000C8CECB /* ATToolboxViewController.swift in Sources */ = {isa = PBXBuildFile; fileRef = 47058B0F1FA36D4000C8CECB /* ATToolboxViewController.swift */; };
		47058B121FA36D5900C8CECB /* ATSettingViewController.swift in Sources */ = {isa = PBXBuildFile; fileRef = 47058B111FA36D5900C8CECB /* ATSettingViewController.swift */; };
		470A5EAE1FB40216003ABF82 /* ATSettingTwitterLanguageViewController.swift in Sources */ = {isa = PBXBuildFile; fileRef = 470A5EAD1FB40216003ABF82 /* ATSettingTwitterLanguageViewController.swift */; };
		470A5EB01FB4053B003ABF82 /* ATTableView.swift in Sources */ = {isa = PBXBuildFile; fileRef = 470A5EAF1FB4053B003ABF82 /* ATTableView.swift */; };
		472C6ADD1F90D6DC0027C6B3 /* LSPageTabView.swift in Sources */ = {isa = PBXBuildFile; fileRef = 472C6ADC1F90D6DC0027C6B3 /* LSPageTabView.swift */; };
		472C6AE01F90DA420027C6B3 /* Constant.swift in Sources */ = {isa = PBXBuildFile; fileRef = 472C6ADF1F90DA420027C6B3 /* Constant.swift */; };
		472C6AE21F90E0FD0027C6B3 /* ExtensionUIDevice.swift in Sources */ = {isa = PBXBuildFile; fileRef = 472C6AE11F90E0FD0027C6B3 /* ExtensionUIDevice.swift */; };
		472C6AE51F90E1260027C6B3 /* ExtensionUIScreen.swift in Sources */ = {isa = PBXBuildFile; fileRef = 472C6AE41F90E1260027C6B3 /* ExtensionUIScreen.swift */; };
		472C6AE71F90F2350027C6B3 /* Function.swift in Sources */ = {isa = PBXBuildFile; fileRef = 472C6AE61F90F2350027C6B3 /* Function.swift */; };
		472C6AE91F90F2D70027C6B3 /* ExtensionUIColor.swift in Sources */ = {isa = PBXBuildFile; fileRef = 472C6AE81F90F2D70027C6B3 /* ExtensionUIColor.swift */; };
		4748C1761FA0C3BB005F5D2D /* ATHomeMenuView.swift in Sources */ = {isa = PBXBuildFile; fileRef = 4748C1751FA0C3BB005F5D2D /* ATHomeMenuView.swift */; };
		4748C1781FA0C4B7005F5D2D /* ATScrollView.swift in Sources */ = {isa = PBXBuildFile; fileRef = 4748C1771FA0C4B7005F5D2D /* ATScrollView.swift */; };
		47671BB71F98CCDB00426CBC /* ATAvatarListViewController.swift in Sources */ = {isa = PBXBuildFile; fileRef = 47671BB61F98CCDB00426CBC /* ATAvatarListViewController.swift */; };
		47829C921F9F22BA00523E75 /* ATViewController.swift in Sources */ = {isa = PBXBuildFile; fileRef = 47829C911F9F22BA00523E75 /* ATViewController.swift */; };
		47894F611F92031900E55E4D /* ExtensionUIView.swift in Sources */ = {isa = PBXBuildFile; fileRef = 47894F601F92031900E55E4D /* ExtensionUIView.swift */; };
		47C5FEAF1F962D54005B4073 /* ATNetworkTool.swift in Sources */ = {isa = PBXBuildFile; fileRef = 47C5FE941F962D54005B4073 /* ATNetworkTool.swift */; };
		47C5FEB31F962E1E005B4073 /* ATTwitterModel.swift in Sources */ = {isa = PBXBuildFile; fileRef = 47C5FEB21F962D6F005B4073 /* ATTwitterModel.swift */; };
		47CC33E81F8B929400B7CFB1 /* AppDelegate.swift in Sources */ = {isa = PBXBuildFile; fileRef = 47CC33E71F8B929400B7CFB1 /* AppDelegate.swift */; };
		47CC33FA1F8B954700B7CFB1 /* ATHomeViewController.swift in Sources */ = {isa = PBXBuildFile; fileRef = 47CC33F91F8B954700B7CFB1 /* ATHomeViewController.swift */; };
		47CC33FC1F8B992800B7CFB1 /* ATNavigationController.swift in Sources */ = {isa = PBXBuildFile; fileRef = 47CC33FB1F8B992800B7CFB1 /* ATNavigationController.swift */; };
		47D4E7A71F9A2B2000C9D27F /* ATImagePageViewController.swift in Sources */ = {isa = PBXBuildFile; fileRef = 47D4E7A61F9A2B2000C9D27F /* ATImagePageViewController.swift */; };
		47D4E7D51F9B272100C9D27F /* ATPermissionsTool.swift in Sources */ = {isa = PBXBuildFile; fileRef = 47D4E7D41F9B272100C9D27F /* ATPermissionsTool.swift */; };
		47D4E7F01F9B453900C9D27F /* ExtensionUIViewController.swift in Sources */ = {isa = PBXBuildFile; fileRef = 47D4E7EF1F9B453900C9D27F /* ExtensionUIViewController.swift */; };
		47D4E7F21F9B4C0400C9D27F /* ATToastMessageTool.swift in Sources */ = {isa = PBXBuildFile; fileRef = 47D4E7F11F9B4C0400C9D27F /* ATToastMessageTool.swift */; };
		47DF9B5E1F9DCFD30075CF12 /* ExtensionGCD.swift in Sources */ = {isa = PBXBuildFile; fileRef = 47DF9B5D1F9DCFD30075CF12 /* ExtensionGCD.swift */; };
		47F3BF5A1F94688100CC4398 /* ExtensionUIImage.swift in Sources */ = {isa = PBXBuildFile; fileRef = 47F3BF591F94688100CC4398 /* ExtensionUIImage.swift */; };
		47F555DC1F9EEA9200B09AFA /* ExtensionUIFont.swift in Sources */ = {isa = PBXBuildFile; fileRef = 47F555DB1F9EEA9200B09AFA /* ExtensionUIFont.swift */; };
		47F555F71F9EEF7800B09AFA /* ExtensionString.swift in Sources */ = {isa = PBXBuildFile; fileRef = 47F555F61F9EEF7800B09AFA /* ExtensionString.swift */; };
/* End PBXBuildFile section */

/* Begin PBXCopyFilesBuildPhase section */
		1D445BD0200D11550007B177 /* Embed Frameworks */ = {
			isa = PBXCopyFilesBuildPhase;
			buildActionMask = 2147483647;
			dstPath = "";
			dstSubfolderSpec = 10;
			files = (
				1D445BC7200D11550007B177 /* SnapKit.framework in Embed Frameworks */,
				1D445BC3200D11550007B177 /* WCDBSwift.framework in Embed Frameworks */,
				1D445BCB200D11550007B177 /* sqliterk.swift.framework in Embed Frameworks */,
				1D445BC5200D11550007B177 /* sqlcipher.swift.framework in Embed Frameworks */,
				1D445BCF200D11550007B177 /* WCDB.framework in Embed Frameworks */,
				1D445BCD200D11550007B177 /* SDWebImage.framework in Embed Frameworks */,
				1D445BC9200D11550007B177 /* Alamofire.framework in Embed Frameworks */,
			);
			name = "Embed Frameworks";
			runOnlyForDeploymentPostprocessing = 0;
		};
/* End PBXCopyFilesBuildPhase section */

/* Begin PBXFileReference section */
		1D10F9DD1F8EA96300EA8FC1 /* manuscript.swift */ = {isa = PBXFileReference; lastKnownFileType = sourcecode.swift; path = manuscript.swift; sourceTree = "<group>"; };
		1D445BD1200FD4AA0007B177 /* ATAreaMapModel.swift */ = {isa = PBXFileReference; lastKnownFileType = sourcecode.swift; path = ATAreaMapModel.swift; sourceTree = "<group>"; };
		1D445BD3200FEA340007B177 /* Protocol.swift */ = {isa = PBXFileReference; lastKnownFileType = sourcecode.swift; path = Protocol.swift; sourceTree = "<group>"; };
		1D61FA971F9BC0CD0062FD60 /* Assets.xcassets */ = {isa = PBXFileReference; lastKnownFileType = folder.assetcatalog; path = Assets.xcassets; sourceTree = "<group>"; };
		1D7BA9AD1FCB5CD7000BBC5B /* ATUserSettingTool.swift */ = {isa = PBXFileReference; lastKnownFileType = sourcecode.swift; path = ATUserSettingTool.swift; sourceTree = "<group>"; };
		1D93A5541FF83B9800B65547 /* ATFirstUseGuideViewController.swift */ = {isa = PBXFileReference; lastKnownFileType = sourcecode.swift; path = ATFirstUseGuideViewController.swift; sourceTree = "<group>"; };
		1D93A5561FF83BAD00B65547 /* ATNewVersionGuideViewController.swift */ = {isa = PBXFileReference; lastKnownFileType = sourcecode.swift; path = ATNewVersionGuideViewController.swift; sourceTree = "<group>"; };
		1D93A5CF20024BB900B65547 /* ATDataTool.swift */ = {isa = PBXFileReference; lastKnownFileType = sourcecode.swift; path = ATDataTool.swift; sourceTree = "<group>"; };
		1D93A60020029A5100B65547 /* ATResourceModel.swift */ = {isa = PBXFileReference; lastKnownFileType = sourcecode.swift; path = ATResourceModel.swift; sourceTree = "<group>"; };
		1DDB9041200BEC6200396DE3 /* .Alamofire.version */ = {isa = PBXFileReference; fileEncoding = 4; lastKnownFileType = text; path = .Alamofire.version; sourceTree = "<group>"; };
		1DDB9043200BEC6200396DE3 /* sqlcipher.swift.framework.dSYM */ = {isa = PBXFileReference; lastKnownFileType = wrapper.dsym; path = sqlcipher.swift.framework.dSYM; sourceTree = "<group>"; };
		1DDB9044200BEC6200396DE3 /* FC8A5980-8D4A-3573-9609-C0220568D283.bcsymbolmap */ = {isa = PBXFileReference; fileEncoding = 4; lastKnownFileType = text; path = "FC8A5980-8D4A-3573-9609-C0220568D283.bcsymbolmap"; sourceTree = "<group>"; };
		1DDB9045200BEC6200396DE3 /* 110BE4E1-24B2-35AE-8EE9-448B23B25440.bcsymbolmap */ = {isa = PBXFileReference; fileEncoding = 4; lastKnownFileType = text; path = "110BE4E1-24B2-35AE-8EE9-448B23B25440.bcsymbolmap"; sourceTree = "<group>"; };
		1DDB9046200BEC6200396DE3 /* 4089A73F-E18B-338F-937B-2A4809CD83EA.bcsymbolmap */ = {isa = PBXFileReference; fileEncoding = 4; lastKnownFileType = text; path = "4089A73F-E18B-338F-937B-2A4809CD83EA.bcsymbolmap"; sourceTree = "<group>"; };
		1DDB9047200BEC6200396DE3 /* sqliterk.swift.framework.dSYM */ = {isa = PBXFileReference; lastKnownFileType = wrapper.dsym; path = sqliterk.swift.framework.dSYM; sourceTree = "<group>"; };
		1DDB9048200BEC6200396DE3 /* 500011A0-ABDC-3607-9629-A8CDB54D6151.bcsymbolmap */ = {isa = PBXFileReference; fileEncoding = 4; lastKnownFileType = text; path = "500011A0-ABDC-3607-9629-A8CDB54D6151.bcsymbolmap"; sourceTree = "<group>"; };
		1DDB9049200BEC6200396DE3 /* 7DCBBC6B-E16D-3EA2-BCA1-DF3A7ABCA256.bcsymbolmap */ = {isa = PBXFileReference; fileEncoding = 4; lastKnownFileType = text; path = "7DCBBC6B-E16D-3EA2-BCA1-DF3A7ABCA256.bcsymbolmap"; sourceTree = "<group>"; };
		1DDB904A200BEC6200396DE3 /* 3F783881-375C-3791-A5F3-0E4B48A14EDC.bcsymbolmap */ = {isa = PBXFileReference; fileEncoding = 4; lastKnownFileType = text; path = "3F783881-375C-3791-A5F3-0E4B48A14EDC.bcsymbolmap"; sourceTree = "<group>"; };
		1DDB904B200BEC6200396DE3 /* E2227D70-B5C0-3046-B68D-19EAD4E9AE41.bcsymbolmap */ = {isa = PBXFileReference; fileEncoding = 4; lastKnownFileType = text; path = "E2227D70-B5C0-3046-B68D-19EAD4E9AE41.bcsymbolmap"; sourceTree = "<group>"; };
		1DDB904C200BEC6200396DE3 /* SnapKit.framework.dSYM */ = {isa = PBXFileReference; lastKnownFileType = wrapper.dsym; path = SnapKit.framework.dSYM; sourceTree = "<group>"; };
		1DDB904D200BEC6200396DE3 /* F38F6F57-F8CC-3266-B266-3114101CF542.bcsymbolmap */ = {isa = PBXFileReference; fileEncoding = 4; lastKnownFileType = text; path = "F38F6F57-F8CC-3266-B266-3114101CF542.bcsymbolmap"; sourceTree = "<group>"; };
		1DDB904E200BEC6200396DE3 /* AEE5B0B3-4011-3C3E-B28B-B478028730C9.bcsymbolmap */ = {isa = PBXFileReference; fileEncoding = 4; lastKnownFileType = text; path = "AEE5B0B3-4011-3C3E-B28B-B478028730C9.bcsymbolmap"; sourceTree = "<group>"; };
		1DDB904F200BEC6200396DE3 /* 4168D598-8899-3C6B-ADAE-2C59057EDE3E.bcsymbolmap */ = {isa = PBXFileReference; fileEncoding = 4; lastKnownFileType = text; path = "4168D598-8899-3C6B-ADAE-2C59057EDE3E.bcsymbolmap"; sourceTree = "<group>"; };
		1DDB9050200BEC6200396DE3 /* A24F2815-2038-3B96-A46F-3FF1E46FEEAF.bcsymbolmap */ = {isa = PBXFileReference; fileEncoding = 4; lastKnownFileType = text; path = "A24F2815-2038-3B96-A46F-3FF1E46FEEAF.bcsymbolmap"; sourceTree = "<group>"; };
		1DDB9051200BEC6200396DE3 /* 85C3E403-3D85-3DF2-84F4-19F1F1350D74.bcsymbolmap */ = {isa = PBXFileReference; fileEncoding = 4; lastKnownFileType = text; path = "85C3E403-3D85-3DF2-84F4-19F1F1350D74.bcsymbolmap"; sourceTree = "<group>"; };
		1DDB9052200BEC6200396DE3 /* A985C123-F1BA-3028-9DBD-1B2A125673E3.bcsymbolmap */ = {isa = PBXFileReference; fileEncoding = 4; lastKnownFileType = text; path = "A985C123-F1BA-3028-9DBD-1B2A125673E3.bcsymbolmap"; sourceTree = "<group>"; };
		1DDB9053200BEC6200396DE3 /* WCDB.framework.dSYM */ = {isa = PBXFileReference; lastKnownFileType = wrapper.dsym; path = WCDB.framework.dSYM; sourceTree = "<group>"; };
		1DDB9054200BEC6200396DE3 /* WCDBSwift.framework */ = {isa = PBXFileReference; lastKnownFileType = wrapper.framework; path = WCDBSwift.framework; sourceTree = "<group>"; };
		1DDB9055200BEC6200396DE3 /* WCDBSwift.framework.dSYM */ = {isa = PBXFileReference; lastKnownFileType = wrapper.dsym; path = WCDBSwift.framework.dSYM; sourceTree = "<group>"; };
		1DDB9056200BEC6200396DE3 /* sqlcipher.swift.framework */ = {isa = PBXFileReference; lastKnownFileType = wrapper.framework; path = sqlcipher.swift.framework; sourceTree = "<group>"; };
		1DDB9057200BEC6200396DE3 /* 67854825-D267-32DA-890F-659E40FDE90A.bcsymbolmap */ = {isa = PBXFileReference; fileEncoding = 4; lastKnownFileType = text; path = "67854825-D267-32DA-890F-659E40FDE90A.bcsymbolmap"; sourceTree = "<group>"; };
		1DDB9058200BEC6200396DE3 /* SDWebImage.framework.dSYM */ = {isa = PBXFileReference; lastKnownFileType = wrapper.dsym; path = SDWebImage.framework.dSYM; sourceTree = "<group>"; };
		1DDB9059200BEC6200396DE3 /* SnapKit.framework */ = {isa = PBXFileReference; lastKnownFileType = wrapper.framework; path = SnapKit.framework; sourceTree = "<group>"; };
		1DDB905A200BEC6200396DE3 /* 92814D90-A044-375D-BD6A-6EF85D058949.bcsymbolmap */ = {isa = PBXFileReference; fileEncoding = 4; lastKnownFileType = text; path = "92814D90-A044-375D-BD6A-6EF85D058949.bcsymbolmap"; sourceTree = "<group>"; };
		1DDB905B200BEC6200396DE3 /* Alamofire.framework */ = {isa = PBXFileReference; lastKnownFileType = wrapper.framework; path = Alamofire.framework; sourceTree = "<group>"; };
		1DDB905C200BEC6200396DE3 /* A5DF7216-1C47-38FC-B531-F2CCD2C7194C.bcsymbolmap */ = {isa = PBXFileReference; fileEncoding = 4; lastKnownFileType = text; path = "A5DF7216-1C47-38FC-B531-F2CCD2C7194C.bcsymbolmap"; sourceTree = "<group>"; };
		1DDB905D200BEC6200396DE3 /* sqliterk.swift.framework */ = {isa = PBXFileReference; lastKnownFileType = wrapper.framework; path = sqliterk.swift.framework; sourceTree = "<group>"; };
		1DDB905E200BEC6200396DE3 /* SDWebImage.framework */ = {isa = PBXFileReference; lastKnownFileType = wrapper.framework; path = SDWebImage.framework; sourceTree = "<group>"; };
		1DDB905F200BEC6200396DE3 /* D2A24820-1FAA-3089-9701-7E6BE25024D3.bcsymbolmap */ = {isa = PBXFileReference; fileEncoding = 4; lastKnownFileType = text; path = "D2A24820-1FAA-3089-9701-7E6BE25024D3.bcsymbolmap"; sourceTree = "<group>"; };
		1DDB9060200BEC6200396DE3 /* WCDB.framework */ = {isa = PBXFileReference; lastKnownFileType = wrapper.framework; path = WCDB.framework; sourceTree = "<group>"; };
		1DDB9061200BEC6200396DE3 /* 2E3F19BE-E5A3-359F-ACC0-A2CDBEFE5F05.bcsymbolmap */ = {isa = PBXFileReference; fileEncoding = 4; lastKnownFileType = text; path = "2E3F19BE-E5A3-359F-ACC0-A2CDBEFE5F05.bcsymbolmap"; sourceTree = "<group>"; };
		1DDB9062200BEC6200396DE3 /* Alamofire.framework.dSYM */ = {isa = PBXFileReference; lastKnownFileType = wrapper.dsym; path = Alamofire.framework.dSYM; sourceTree = "<group>"; };
		1DDB9063200BEC6200396DE3 /* F1F36402-9B60-32D8-80B0-3F97F3C9F1AB.bcsymbolmap */ = {isa = PBXFileReference; fileEncoding = 4; lastKnownFileType = text; path = "F1F36402-9B60-32D8-80B0-3F97F3C9F1AB.bcsymbolmap"; sourceTree = "<group>"; };
		1DDB9064200BEC6200396DE3 /* 14754BAD-041A-3469-9300-08EF9F3A5CAC.bcsymbolmap */ = {isa = PBXFileReference; fileEncoding = 4; lastKnownFileType = text; path = "14754BAD-041A-3469-9300-08EF9F3A5CAC.bcsymbolmap"; sourceTree = "<group>"; };
		1DDB9065200BEC6200396DE3 /* .WCDB.version */ = {isa = PBXFileReference; fileEncoding = 4; lastKnownFileType = text; path = .WCDB.version; sourceTree = "<group>"; };
		1DDB9066200BEC6200396DE3 /* .SnapKit.version */ = {isa = PBXFileReference; fileEncoding = 4; lastKnownFileType = text; path = .SnapKit.version; sourceTree = "<group>"; };
		1DDB9067200BEC6200396DE3 /* .SDWebImage.version */ = {isa = PBXFileReference; fileEncoding = 4; lastKnownFileType = text; path = .SDWebImage.version; sourceTree = "<group>"; };
		1DDB908E200BEDAF00396DE3 /* ATDBTool.swift */ = {isa = PBXFileReference; lastKnownFileType = sourcecode.swift; path = ATDBTool.swift; sourceTree = "<group>"; };
		1DDB9093200BEF7E00396DE3 /* ATAreaModel.swift */ = {isa = PBXFileReference; lastKnownFileType = sourcecode.swift; path = ATAreaModel.swift; sourceTree = "<group>"; };
		47058AFF1FA36C2D00C8CECB /* ATImproveViewController.swift */ = {isa = PBXFileReference; lastKnownFileType = sourcecode.swift; path = ATImproveViewController.swift; sourceTree = "<group>"; };
		47058B011FA36C5300C8CECB /* ATAboutViewController.swift */ = {isa = PBXFileReference; lastKnownFileType = sourcecode.swift; path = ATAboutViewController.swift; sourceTree = "<group>"; };
		47058B031FA36CAC00C8CECB /* ATEquipViewController.swift */ = {isa = PBXFileReference; lastKnownFileType = sourcecode.swift; path = ATEquipViewController.swift; sourceTree = "<group>"; };
		47058B051FA36CBF00C8CECB /* ATShipViewController.swift */ = {isa = PBXFileReference; lastKnownFileType = sourcecode.swift; path = ATShipViewController.swift; sourceTree = "<group>"; };
		47058B071FA36CD300C8CECB /* ATAreaViewController.swift */ = {isa = PBXFileReference; lastKnownFileType = sourcecode.swift; path = ATAreaViewController.swift; sourceTree = "<group>"; };
		47058B091FA36CEC00C8CECB /* ATEnemyViewController.swift */ = {isa = PBXFileReference; lastKnownFileType = sourcecode.swift; path = ATEnemyViewController.swift; sourceTree = "<group>"; };
		47058B0B1FA36D0800C8CECB /* ATMissionViewController.swift */ = {isa = PBXFileReference; lastKnownFileType = sourcecode.swift; path = ATMissionViewController.swift; sourceTree = "<group>"; };
		47058B0D1FA36D1E00C8CECB /* ATExpeditionViewController.swift */ = {isa = PBXFileReference; lastKnownFileType = sourcecode.swift; path = ATExpeditionViewController.swift; sourceTree = "<group>"; };
		47058B0F1FA36D4000C8CECB /* ATToolboxViewController.swift */ = {isa = PBXFileReference; lastKnownFileType = sourcecode.swift; path = ATToolboxViewController.swift; sourceTree = "<group>"; };
		47058B111FA36D5900C8CECB /* ATSettingViewController.swift */ = {isa = PBXFileReference; lastKnownFileType = sourcecode.swift; path = ATSettingViewController.swift; sourceTree = "<group>"; };
		470A5EAD1FB40216003ABF82 /* ATSettingTwitterLanguageViewController.swift */ = {isa = PBXFileReference; lastKnownFileType = sourcecode.swift; path = ATSettingTwitterLanguageViewController.swift; sourceTree = "<group>"; };
		470A5EAF1FB4053B003ABF82 /* ATTableView.swift */ = {isa = PBXFileReference; lastKnownFileType = sourcecode.swift; path = ATTableView.swift; sourceTree = "<group>"; };
		472C6ADC1F90D6DC0027C6B3 /* LSPageTabView.swift */ = {isa = PBXFileReference; lastKnownFileType = sourcecode.swift; path = LSPageTabView.swift; sourceTree = "<group>"; };
		472C6ADF1F90DA420027C6B3 /* Constant.swift */ = {isa = PBXFileReference; lastKnownFileType = sourcecode.swift; path = Constant.swift; sourceTree = "<group>"; };
		472C6AE11F90E0FD0027C6B3 /* ExtensionUIDevice.swift */ = {isa = PBXFileReference; lastKnownFileType = sourcecode.swift; path = ExtensionUIDevice.swift; sourceTree = "<group>"; };
		472C6AE41F90E1260027C6B3 /* ExtensionUIScreen.swift */ = {isa = PBXFileReference; lastKnownFileType = sourcecode.swift; path = ExtensionUIScreen.swift; sourceTree = "<group>"; };
		472C6AE61F90F2350027C6B3 /* Function.swift */ = {isa = PBXFileReference; lastKnownFileType = sourcecode.swift; path = Function.swift; sourceTree = "<group>"; };
		472C6AE81F90F2D70027C6B3 /* ExtensionUIColor.swift */ = {isa = PBXFileReference; lastKnownFileType = sourcecode.swift; path = ExtensionUIColor.swift; sourceTree = "<group>"; };
		4748C1751FA0C3BB005F5D2D /* ATHomeMenuView.swift */ = {isa = PBXFileReference; lastKnownFileType = sourcecode.swift; path = ATHomeMenuView.swift; sourceTree = "<group>"; };
		4748C1771FA0C4B7005F5D2D /* ATScrollView.swift */ = {isa = PBXFileReference; lastKnownFileType = sourcecode.swift; path = ATScrollView.swift; sourceTree = "<group>"; };
		47671BB61F98CCDB00426CBC /* ATAvatarListViewController.swift */ = {isa = PBXFileReference; lastKnownFileType = sourcecode.swift; path = ATAvatarListViewController.swift; sourceTree = "<group>"; };
		47829C911F9F22BA00523E75 /* ATViewController.swift */ = {isa = PBXFileReference; lastKnownFileType = sourcecode.swift; path = ATViewController.swift; sourceTree = "<group>"; };
		47894F601F92031900E55E4D /* ExtensionUIView.swift */ = {isa = PBXFileReference; lastKnownFileType = sourcecode.swift; path = ExtensionUIView.swift; sourceTree = "<group>"; };
		47C5FE941F962D54005B4073 /* ATNetworkTool.swift */ = {isa = PBXFileReference; lastKnownFileType = sourcecode.swift; path = ATNetworkTool.swift; sourceTree = "<group>"; };
		47C5FEB21F962D6F005B4073 /* ATTwitterModel.swift */ = {isa = PBXFileReference; lastKnownFileType = sourcecode.swift; path = ATTwitterModel.swift; sourceTree = "<group>"; };
		47CC33E41F8B929400B7CFB1 /* akashiToolkit.app */ = {isa = PBXFileReference; explicitFileType = wrapper.application; includeInIndex = 0; path = akashiToolkit.app; sourceTree = BUILT_PRODUCTS_DIR; };
		47CC33E71F8B929400B7CFB1 /* AppDelegate.swift */ = {isa = PBXFileReference; lastKnownFileType = sourcecode.swift; path = AppDelegate.swift; sourceTree = "<group>"; };
		47CC33F31F8B929400B7CFB1 /* Info.plist */ = {isa = PBXFileReference; lastKnownFileType = text.plist.xml; path = Info.plist; sourceTree = "<group>"; };
		47CC33F91F8B954700B7CFB1 /* ATHomeViewController.swift */ = {isa = PBXFileReference; lastKnownFileType = sourcecode.swift; path = ATHomeViewController.swift; sourceTree = "<group>"; };
		47CC33FB1F8B992800B7CFB1 /* ATNavigationController.swift */ = {isa = PBXFileReference; lastKnownFileType = sourcecode.swift; path = ATNavigationController.swift; sourceTree = "<group>"; };
		47CC34CD1F8BB86200B7CFB1 /* Cartfile */ = {isa = PBXFileReference; lastKnownFileType = text; path = Cartfile; sourceTree = "<group>"; };
		47CC34CE1F8BB86200B7CFB1 /* Cartfile.resolved */ = {isa = PBXFileReference; lastKnownFileType = text; path = Cartfile.resolved; sourceTree = "<group>"; };
		47D4E7A61F9A2B2000C9D27F /* ATImagePageViewController.swift */ = {isa = PBXFileReference; lastKnownFileType = sourcecode.swift; path = ATImagePageViewController.swift; sourceTree = "<group>"; };
		47D4E7D41F9B272100C9D27F /* ATPermissionsTool.swift */ = {isa = PBXFileReference; lastKnownFileType = sourcecode.swift; path = ATPermissionsTool.swift; sourceTree = "<group>"; };
		47D4E7EF1F9B453900C9D27F /* ExtensionUIViewController.swift */ = {isa = PBXFileReference; lastKnownFileType = sourcecode.swift; path = ExtensionUIViewController.swift; sourceTree = "<group>"; };
		47D4E7F11F9B4C0400C9D27F /* ATToastMessageTool.swift */ = {isa = PBXFileReference; lastKnownFileType = sourcecode.swift; path = ATToastMessageTool.swift; sourceTree = "<group>"; };
		47DF9B5D1F9DCFD30075CF12 /* ExtensionGCD.swift */ = {isa = PBXFileReference; lastKnownFileType = sourcecode.swift; path = ExtensionGCD.swift; sourceTree = "<group>"; };
		47F3BF591F94688100CC4398 /* ExtensionUIImage.swift */ = {isa = PBXFileReference; lastKnownFileType = sourcecode.swift; path = ExtensionUIImage.swift; sourceTree = "<group>"; };
		47F555DB1F9EEA9200B09AFA /* ExtensionUIFont.swift */ = {isa = PBXFileReference; lastKnownFileType = sourcecode.swift; path = ExtensionUIFont.swift; sourceTree = "<group>"; };
		47F555F61F9EEF7800B09AFA /* ExtensionString.swift */ = {isa = PBXFileReference; lastKnownFileType = sourcecode.swift; path = ExtensionString.swift; sourceTree = "<group>"; };
/* End PBXFileReference section */

/* Begin PBXFrameworksBuildPhase section */
		47CC33E11F8B929400B7CFB1 /* Frameworks */ = {
			isa = PBXFrameworksBuildPhase;
			buildActionMask = 2147483647;
			files = (
				1D445BC6200D11550007B177 /* SnapKit.framework in Frameworks */,
				1D445BC2200D11550007B177 /* WCDBSwift.framework in Frameworks */,
				1D445BCA200D11550007B177 /* sqliterk.swift.framework in Frameworks */,
				1D445BC4200D11550007B177 /* sqlcipher.swift.framework in Frameworks */,
				1D445BCE200D11550007B177 /* WCDB.framework in Frameworks */,
				1D445BCC200D11550007B177 /* SDWebImage.framework in Frameworks */,
				1D445BC8200D11550007B177 /* Alamofire.framework in Frameworks */,
			);
			runOnlyForDeploymentPostprocessing = 0;
		};
/* End PBXFrameworksBuildPhase section */

/* Begin PBXGroup section */
		1D93A5531FF83A6E00B65547 /* Guide */ = {
			isa = PBXGroup;
			children = (
				1D93A5541FF83B9800B65547 /* ATFirstUseGuideViewController.swift */,
				1D93A5561FF83BAD00B65547 /* ATNewVersionGuideViewController.swift */,
			);
			path = Guide;
			sourceTree = "<group>";
		};
		1DDB903F200BEC6200396DE3 /* Carthage */ = {
			isa = PBXGroup;
			children = (
				1DDB9040200BEC6200396DE3 /* Build */,
			);
			path = Carthage;
			sourceTree = "<group>";
		};
		1DDB9040200BEC6200396DE3 /* Build */ = {
			isa = PBXGroup;
			children = (
				1DDB9041200BEC6200396DE3 /* .Alamofire.version */,
				1DDB9042200BEC6200396DE3 /* iOS */,
				1DDB9065200BEC6200396DE3 /* .WCDB.version */,
				1DDB9066200BEC6200396DE3 /* .SnapKit.version */,
				1DDB9067200BEC6200396DE3 /* .SDWebImage.version */,
			);
			path = Build;
			sourceTree = "<group>";
		};
		1DDB9042200BEC6200396DE3 /* iOS */ = {
			isa = PBXGroup;
			children = (
				1DDB9043200BEC6200396DE3 /* sqlcipher.swift.framework.dSYM */,
				1DDB9044200BEC6200396DE3 /* FC8A5980-8D4A-3573-9609-C0220568D283.bcsymbolmap */,
				1DDB9045200BEC6200396DE3 /* 110BE4E1-24B2-35AE-8EE9-448B23B25440.bcsymbolmap */,
				1DDB9046200BEC6200396DE3 /* 4089A73F-E18B-338F-937B-2A4809CD83EA.bcsymbolmap */,
				1DDB9047200BEC6200396DE3 /* sqliterk.swift.framework.dSYM */,
				1DDB9048200BEC6200396DE3 /* 500011A0-ABDC-3607-9629-A8CDB54D6151.bcsymbolmap */,
				1DDB9049200BEC6200396DE3 /* 7DCBBC6B-E16D-3EA2-BCA1-DF3A7ABCA256.bcsymbolmap */,
				1DDB904A200BEC6200396DE3 /* 3F783881-375C-3791-A5F3-0E4B48A14EDC.bcsymbolmap */,
				1DDB904B200BEC6200396DE3 /* E2227D70-B5C0-3046-B68D-19EAD4E9AE41.bcsymbolmap */,
				1DDB904C200BEC6200396DE3 /* SnapKit.framework.dSYM */,
				1DDB904D200BEC6200396DE3 /* F38F6F57-F8CC-3266-B266-3114101CF542.bcsymbolmap */,
				1DDB904E200BEC6200396DE3 /* AEE5B0B3-4011-3C3E-B28B-B478028730C9.bcsymbolmap */,
				1DDB904F200BEC6200396DE3 /* 4168D598-8899-3C6B-ADAE-2C59057EDE3E.bcsymbolmap */,
				1DDB9050200BEC6200396DE3 /* A24F2815-2038-3B96-A46F-3FF1E46FEEAF.bcsymbolmap */,
				1DDB9051200BEC6200396DE3 /* 85C3E403-3D85-3DF2-84F4-19F1F1350D74.bcsymbolmap */,
				1DDB9052200BEC6200396DE3 /* A985C123-F1BA-3028-9DBD-1B2A125673E3.bcsymbolmap */,
				1DDB9053200BEC6200396DE3 /* WCDB.framework.dSYM */,
				1DDB9054200BEC6200396DE3 /* WCDBSwift.framework */,
				1DDB9055200BEC6200396DE3 /* WCDBSwift.framework.dSYM */,
				1DDB9056200BEC6200396DE3 /* sqlcipher.swift.framework */,
				1DDB9057200BEC6200396DE3 /* 67854825-D267-32DA-890F-659E40FDE90A.bcsymbolmap */,
				1DDB9058200BEC6200396DE3 /* SDWebImage.framework.dSYM */,
				1DDB9059200BEC6200396DE3 /* SnapKit.framework */,
				1DDB905A200BEC6200396DE3 /* 92814D90-A044-375D-BD6A-6EF85D058949.bcsymbolmap */,
				1DDB905B200BEC6200396DE3 /* Alamofire.framework */,
				1DDB905C200BEC6200396DE3 /* A5DF7216-1C47-38FC-B531-F2CCD2C7194C.bcsymbolmap */,
				1DDB905D200BEC6200396DE3 /* sqliterk.swift.framework */,
				1DDB905E200BEC6200396DE3 /* SDWebImage.framework */,
				1DDB905F200BEC6200396DE3 /* D2A24820-1FAA-3089-9701-7E6BE25024D3.bcsymbolmap */,
				1DDB9060200BEC6200396DE3 /* WCDB.framework */,
				1DDB9061200BEC6200396DE3 /* 2E3F19BE-E5A3-359F-ACC0-A2CDBEFE5F05.bcsymbolmap */,
				1DDB9062200BEC6200396DE3 /* Alamofire.framework.dSYM */,
				1DDB9063200BEC6200396DE3 /* F1F36402-9B60-32D8-80B0-3F97F3C9F1AB.bcsymbolmap */,
				1DDB9064200BEC6200396DE3 /* 14754BAD-041A-3469-9300-08EF9F3A5CAC.bcsymbolmap */,
			);
			path = iOS;
			sourceTree = "<group>";
		};
		1DDB9090200BEDC000396DE3 /* Data */ = {
			isa = PBXGroup;
			children = (
				1D93A5CF20024BB900B65547 /* ATDataTool.swift */,
				47C5FE941F962D54005B4073 /* ATNetworkTool.swift */,
				1DDB908E200BEDAF00396DE3 /* ATDBTool.swift */,
			);
			path = Data;
			sourceTree = "<group>";
		};
		1DDB9091200BEDDA00396DE3 /* UI */ = {
			isa = PBXGroup;
			children = (
				47D4E7F11F9B4C0400C9D27F /* ATToastMessageTool.swift */,
			);
			path = UI;
			sourceTree = "<group>";
		};
		1DDB9092200BEEAB00396DE3 /* Area */ = {
			isa = PBXGroup;
			children = (
				1DDB9093200BEF7E00396DE3 /* ATAreaModel.swift */,
				1D445BD1200FD4AA0007B177 /* ATAreaMapModel.swift */,
			);
			path = Area;
			sourceTree = "<group>";
		};
		47058ADB1FA36AF000C8CECB /* Module */ = {
			isa = PBXGroup;
			children = (
				47F3BF741F949E0B00CC4398 /* Home */,
				47058AF51FA36B1200C8CECB /* Improve */,
				47058AF61FA36B4500C8CECB /* Equipment */,
				47058AF71FA36B5300C8CECB /* Ship */,
				47058AF81FA36B5A00C8CECB /* Area */,
				47058AF91FA36B6000C8CECB /* Enemy */,
				47058AFA1FA36B7C00C8CECB /* Mission */,
				47058AFB1FA36B9C00C8CECB /* Expedition */,
				47058AFC1FA36BAA00C8CECB /* Toolbox */,
				47058AFD1FA36BCC00C8CECB /* Setting */,
				47058AFE1FA36BD200C8CECB /* About */,
				1D93A5531FF83A6E00B65547 /* Guide */,
			);
			path = Module;
			sourceTree = "<group>";
		};
		47058AF51FA36B1200C8CECB /* Improve */ = {
			isa = PBXGroup;
			children = (
				47058AFF1FA36C2D00C8CECB /* ATImproveViewController.swift */,
			);
			path = Improve;
			sourceTree = "<group>";
		};
		47058AF61FA36B4500C8CECB /* Equipment */ = {
			isa = PBXGroup;
			children = (
				47058B031FA36CAC00C8CECB /* ATEquipViewController.swift */,
			);
			path = Equipment;
			sourceTree = "<group>";
		};
		47058AF71FA36B5300C8CECB /* Ship */ = {
			isa = PBXGroup;
			children = (
				47058B051FA36CBF00C8CECB /* ATShipViewController.swift */,
			);
			path = Ship;
			sourceTree = "<group>";
		};
		47058AF81FA36B5A00C8CECB /* Area */ = {
			isa = PBXGroup;
			children = (
				47058B071FA36CD300C8CECB /* ATAreaViewController.swift */,
			);
			path = Area;
			sourceTree = "<group>";
		};
		47058AF91FA36B6000C8CECB /* Enemy */ = {
			isa = PBXGroup;
			children = (
				47058B091FA36CEC00C8CECB /* ATEnemyViewController.swift */,
			);
			path = Enemy;
			sourceTree = "<group>";
		};
		47058AFA1FA36B7C00C8CECB /* Mission */ = {
			isa = PBXGroup;
			children = (
				47058B0B1FA36D0800C8CECB /* ATMissionViewController.swift */,
			);
			path = Mission;
			sourceTree = "<group>";
		};
		47058AFB1FA36B9C00C8CECB /* Expedition */ = {
			isa = PBXGroup;
			children = (
				47058B0D1FA36D1E00C8CECB /* ATExpeditionViewController.swift */,
			);
			path = Expedition;
			sourceTree = "<group>";
		};
		47058AFC1FA36BAA00C8CECB /* Toolbox */ = {
			isa = PBXGroup;
			children = (
				47058B0F1FA36D4000C8CECB /* ATToolboxViewController.swift */,
			);
			path = Toolbox;
			sourceTree = "<group>";
		};
		47058AFD1FA36BCC00C8CECB /* Setting */ = {
			isa = PBXGroup;
			children = (
				47058B111FA36D5900C8CECB /* ATSettingViewController.swift */,
				470A5EAD1FB40216003ABF82 /* ATSettingTwitterLanguageViewController.swift */,
			);
			path = Setting;
			sourceTree = "<group>";
		};
		47058AFE1FA36BD200C8CECB /* About */ = {
			isa = PBXGroup;
			children = (
				47058B011FA36C5300C8CECB /* ATAboutViewController.swift */,
			);
			path = About;
			sourceTree = "<group>";
		};
		472C6ADB1F90D6410027C6B3 /* ManualFile */ = {
			isa = PBXGroup;
			children = (
				47F3BF7F1F94CE3500CC4398 /* LSPageTabView */,
			);
			path = ManualFile;
			sourceTree = "<group>";
		};
		472C6ADE1F90D9CF0027C6B3 /* Tools */ = {
			isa = PBXGroup;
			children = (
				1DDB9091200BEDDA00396DE3 /* UI */,
				1DDB9090200BEDC000396DE3 /* Data */,
				47D4E7D41F9B272100C9D27F /* ATPermissionsTool.swift */,
				1D7BA9AD1FCB5CD7000BBC5B /* ATUserSettingTool.swift */,
			);
			path = Tools;
			sourceTree = "<group>";
		};
		472C6AE31F90E1080027C6B3 /* Extension */ = {
			isa = PBXGroup;
			children = (
				47DF9B5D1F9DCFD30075CF12 /* ExtensionGCD.swift */,
				47F555F61F9EEF7800B09AFA /* ExtensionString.swift */,
				472C6AE81F90F2D70027C6B3 /* ExtensionUIColor.swift */,
				472C6AE11F90E0FD0027C6B3 /* ExtensionUIDevice.swift */,
				47F555DB1F9EEA9200B09AFA /* ExtensionUIFont.swift */,
				47F3BF591F94688100CC4398 /* ExtensionUIImage.swift */,
				472C6AE41F90E1260027C6B3 /* ExtensionUIScreen.swift */,
				47894F601F92031900E55E4D /* ExtensionUIView.swift */,
				47D4E7EF1F9B453900C9D27F /* ExtensionUIViewController.swift */,
			);
			path = Extension;
			sourceTree = "<group>";
		};
		47C5FEB11F962D6F005B4073 /* Model */ = {
			isa = PBXGroup;
			children = (
				1DDB9092200BEEAB00396DE3 /* Area */,
				47C5FEB21F962D6F005B4073 /* ATTwitterModel.swift */,
				1D93A60020029A5100B65547 /* ATResourceModel.swift */,
			);
			path = Model;
			sourceTree = "<group>";
		};
		47C5FEB51F962F3A005B4073 /* Support */ = {
			isa = PBXGroup;
			children = (
				47CC33E71F8B929400B7CFB1 /* AppDelegate.swift */,
				47CC33F31F8B929400B7CFB1 /* Info.plist */,
				1D61FA971F9BC0CD0062FD60 /* Assets.xcassets */,
			);
			name = Support;
			sourceTree = "<group>";
		};
		47CC33DB1F8B929400B7CFB1 = {
			isa = PBXGroup;
			children = (
				47CC33E61F8B929400B7CFB1 /* akashiToolkit */,
				47CC33E51F8B929400B7CFB1 /* Products */,
				47CC38671F8BB88300B7CFB1 /* Frameworks */,
			);
			sourceTree = "<group>";
		};
		47CC33E51F8B929400B7CFB1 /* Products */ = {
			isa = PBXGroup;
			children = (
				47CC33E41F8B929400B7CFB1 /* akashiToolkit.app */,
			);
			name = Products;
			sourceTree = "<group>";
		};
		47CC33E61F8B929400B7CFB1 /* akashiToolkit */ = {
			isa = PBXGroup;
			children = (
				47058ADB1FA36AF000C8CECB /* Module */,
				47F3BF751F94AFD200CC4398 /* Globe */,
				47C5FEB11F962D6F005B4073 /* Model */,
				472C6ADE1F90D9CF0027C6B3 /* Tools */,
				47CC34CB1F8BB86200B7CFB1 /* Lib */,
				472C6AE31F90E1080027C6B3 /* Extension */,
				47C5FEB51F962F3A005B4073 /* Support */,
				1D10F9DD1F8EA96300EA8FC1 /* manuscript.swift */,
			);
			path = akashiToolkit;
			sourceTree = "<group>";
		};
		47CC34CB1F8BB86200B7CFB1 /* Lib */ = {
			isa = PBXGroup;
			children = (
				472C6ADB1F90D6410027C6B3 /* ManualFile */,
				47CC34CC1F8BB86200B7CFB1 /* Cartfile */,
			);
			path = Lib;
			sourceTree = "<group>";
		};
		47CC34CC1F8BB86200B7CFB1 /* Cartfile */ = {
			isa = PBXGroup;
			children = (
				47CC34CD1F8BB86200B7CFB1 /* Cartfile */,
				47CC34CE1F8BB86200B7CFB1 /* Cartfile.resolved */,
				1DDB903F200BEC6200396DE3 /* Carthage */,
			);
			path = Cartfile;
			sourceTree = "<group>";
		};
		47CC38671F8BB88300B7CFB1 /* Frameworks */ = {
			isa = PBXGroup;
			children = (
			);
			name = Frameworks;
			sourceTree = "<group>";
		};
		47F3BF741F949E0B00CC4398 /* Home */ = {
			isa = PBXGroup;
			children = (
				47CC33F91F8B954700B7CFB1 /* ATHomeViewController.swift */,
				47671BB61F98CCDB00426CBC /* ATAvatarListViewController.swift */,
				4748C1751FA0C3BB005F5D2D /* ATHomeMenuView.swift */,
			);
			path = Home;
			sourceTree = "<group>";
		};
		47F3BF751F94AFD200CC4398 /* Globe */ = {
			isa = PBXGroup;
			children = (
				47CC33FB1F8B992800B7CFB1 /* ATNavigationController.swift */,
				47D4E7A61F9A2B2000C9D27F /* ATImagePageViewController.swift */,
				47829C911F9F22BA00523E75 /* ATViewController.swift */,
				4748C1771FA0C4B7005F5D2D /* ATScrollView.swift */,
				470A5EAF1FB4053B003ABF82 /* ATTableView.swift */,
				472C6ADF1F90DA420027C6B3 /* Constant.swift */,
				472C6AE61F90F2350027C6B3 /* Function.swift */,
				1D445BD3200FEA340007B177 /* Protocol.swift */,
			);
			path = Globe;
			sourceTree = "<group>";
		};
		47F3BF7F1F94CE3500CC4398 /* LSPageTabView */ = {
			isa = PBXGroup;
			children = (
				472C6ADC1F90D6DC0027C6B3 /* LSPageTabView.swift */,
			);
			path = LSPageTabView;
			sourceTree = "<group>";
		};
/* End PBXGroup section */

/* Begin PBXNativeTarget section */
		47CC33E31F8B929400B7CFB1 /* akashiToolkit */ = {
			isa = PBXNativeTarget;
			buildConfigurationList = 47CC33F61F8B929400B7CFB1 /* Build configuration list for PBXNativeTarget "akashiToolkit" */;
			buildPhases = (
				47CC33E01F8B929400B7CFB1 /* Sources */,
				47CC33E11F8B929400B7CFB1 /* Frameworks */,
				47CC33E21F8B929400B7CFB1 /* Resources */,
				47CC386B1F8BB9BA00B7CFB1 /* ShellScript */,
				1D445BD0200D11550007B177 /* Embed Frameworks */,
			);
			buildRules = (
			);
			dependencies = (
			);
			name = akashiToolkit;
			productName = akashiToolkit;
			productReference = 47CC33E41F8B929400B7CFB1 /* akashiToolkit.app */;
			productType = "com.apple.product-type.application";
		};
/* End PBXNativeTarget section */

/* Begin PBXProject section */
		47CC33DC1F8B929400B7CFB1 /* Project object */ = {
			isa = PBXProject;
			attributes = {
				LastSwiftUpdateCheck = 0900;
				LastUpgradeCheck = 0900;
				ORGANIZATIONNAME = kcwikizh;
				TargetAttributes = {
					47CC33E31F8B929400B7CFB1 = {
						CreatedOnToolsVersion = 9.0;
						LastSwiftMigration = 0900;
						ProvisioningStyle = Automatic;
					};
				};
			};
			buildConfigurationList = 47CC33DF1F8B929400B7CFB1 /* Build configuration list for PBXProject "akashiToolkit" */;
			compatibilityVersion = "Xcode 8.0";
			developmentRegion = en;
			hasScannedForEncodings = 0;
			knownRegions = (
				en,
				Base,
			);
			mainGroup = 47CC33DB1F8B929400B7CFB1;
			productRefGroup = 47CC33E51F8B929400B7CFB1 /* Products */;
			projectDirPath = "";
			projectRoot = "";
			targets = (
				47CC33E31F8B929400B7CFB1 /* akashiToolkit */,
			);
		};
/* End PBXProject section */

/* Begin PBXResourcesBuildPhase section */
		47CC33E21F8B929400B7CFB1 /* Resources */ = {
			isa = PBXResourcesBuildPhase;
			buildActionMask = 2147483647;
			files = (
				1DDB9082200BEC6200396DE3 /* A5DF7216-1C47-38FC-B531-F2CCD2C7194C.bcsymbolmap in Resources */,
				1DDB9076200BEC6200396DE3 /* A24F2815-2038-3B96-A46F-3FF1E46FEEAF.bcsymbolmap in Resources */,
				1DDB9068200BEC6200396DE3 /* .Alamofire.version in Resources */,
				1DDB908A200BEC6200396DE3 /* 14754BAD-041A-3469-9300-08EF9F3A5CAC.bcsymbolmap in Resources */,
				1DDB9073200BEC6200396DE3 /* F38F6F57-F8CC-3266-B266-3114101CF542.bcsymbolmap in Resources */,
				1DDB906A200BEC6200396DE3 /* FC8A5980-8D4A-3573-9609-C0220568D283.bcsymbolmap in Resources */,
				1DDB907D200BEC6200396DE3 /* 67854825-D267-32DA-890F-659E40FDE90A.bcsymbolmap in Resources */,
				1DDB906F200BEC6200396DE3 /* 7DCBBC6B-E16D-3EA2-BCA1-DF3A7ABCA256.bcsymbolmap in Resources */,
				1DDB9089200BEC6200396DE3 /* F1F36402-9B60-32D8-80B0-3F97F3C9F1AB.bcsymbolmap in Resources */,
				1DDB908B200BEC6200396DE3 /* .WCDB.version in Resources */,
				1DDB9069200BEC6200396DE3 /* sqlcipher.swift.framework.dSYM in Resources */,
				1DDB906E200BEC6200396DE3 /* 500011A0-ABDC-3607-9629-A8CDB54D6151.bcsymbolmap in Resources */,
				1DDB9070200BEC6200396DE3 /* 3F783881-375C-3791-A5F3-0E4B48A14EDC.bcsymbolmap in Resources */,
				1DDB908D200BEC6200396DE3 /* .SDWebImage.version in Resources */,
				1D61FA981F9BC0E00062FD60 /* Assets.xcassets in Resources */,
				1DDB9088200BEC6200396DE3 /* Alamofire.framework.dSYM in Resources */,
				1DDB9078200BEC6200396DE3 /* A985C123-F1BA-3028-9DBD-1B2A125673E3.bcsymbolmap in Resources */,
				1DDB9077200BEC6200396DE3 /* 85C3E403-3D85-3DF2-84F4-19F1F1350D74.bcsymbolmap in Resources */,
				1DDB9072200BEC6200396DE3 /* SnapKit.framework.dSYM in Resources */,
				1DDB9079200BEC6200396DE3 /* WCDB.framework.dSYM in Resources */,
				1DDB906C200BEC6200396DE3 /* 4089A73F-E18B-338F-937B-2A4809CD83EA.bcsymbolmap in Resources */,
				1DDB9087200BEC6200396DE3 /* 2E3F19BE-E5A3-359F-ACC0-A2CDBEFE5F05.bcsymbolmap in Resources */,
				1DDB906B200BEC6200396DE3 /* 110BE4E1-24B2-35AE-8EE9-448B23B25440.bcsymbolmap in Resources */,
				1DDB907E200BEC6200396DE3 /* SDWebImage.framework.dSYM in Resources */,
				1DDB906D200BEC6200396DE3 /* sqliterk.swift.framework.dSYM in Resources */,
				1DDB9085200BEC6200396DE3 /* D2A24820-1FAA-3089-9701-7E6BE25024D3.bcsymbolmap in Resources */,
				1DDB907B200BEC6200396DE3 /* WCDBSwift.framework.dSYM in Resources */,
				1DDB9075200BEC6200396DE3 /* 4168D598-8899-3C6B-ADAE-2C59057EDE3E.bcsymbolmap in Resources */,
				1DDB908C200BEC6200396DE3 /* .SnapKit.version in Resources */,
				1DDB9080200BEC6200396DE3 /* 92814D90-A044-375D-BD6A-6EF85D058949.bcsymbolmap in Resources */,
				1DDB9071200BEC6200396DE3 /* E2227D70-B5C0-3046-B68D-19EAD4E9AE41.bcsymbolmap in Resources */,
				1DDB9074200BEC6200396DE3 /* AEE5B0B3-4011-3C3E-B28B-B478028730C9.bcsymbolmap in Resources */,
			);
			runOnlyForDeploymentPostprocessing = 0;
		};
/* End PBXResourcesBuildPhase section */

/* Begin PBXShellScriptBuildPhase section */
		47CC386B1F8BB9BA00B7CFB1 /* ShellScript */ = {
			isa = PBXShellScriptBuildPhase;
			buildActionMask = 8;
			files = (
			);
			inputPaths = (
				"$(SRCROOT)/akashiToolkit/Lib/Cartfile/Carthage/Build/iOS/Alamofire.framework",
				"$(SRCROOT)/akashiToolkit/Lib/Cartfile/Carthage/Build/iOS/SDWebImage.framework",
				"$(SRCROOT)/akashiToolkit/Lib/Cartfile/Carthage/Build/iOS/SnapKit.framework",
				"$(SRCROOT)/akashiToolkit/Lib/Cartfile/Carthage/Build/iOS/sqlcipher.swift.framework",
				"$(SRCROOT)/akashiToolkit/Lib/Cartfile/Carthage/Build/iOS/sqliterk.swift.framework",
				"$(SRCROOT)/akashiToolkit/Lib/Cartfile/Carthage/Build/iOS/WCBDSwift.framework",
			);
			outputPaths = (
			);
			runOnlyForDeploymentPostprocessing = 1;
			shellPath = /bin/sh;
			shellScript = "/usr/local/bin/carthage copy-frameworks";
		};
/* End PBXShellScriptBuildPhase section */

/* Begin PBXSourcesBuildPhase section */
		47CC33E01F8B929400B7CFB1 /* Sources */ = {
			isa = PBXSourcesBuildPhase;
			buildActionMask = 2147483647;
			files = (
				47C5FEB31F962E1E005B4073 /* ATTwitterModel.swift in Sources */,
				472C6AE71F90F2350027C6B3 /* Function.swift in Sources */,
				47058B121FA36D5900C8CECB /* ATSettingViewController.swift in Sources */,
				47CC33E81F8B929400B7CFB1 /* AppDelegate.swift in Sources */,
				47894F611F92031900E55E4D /* ExtensionUIView.swift in Sources */,
				47058B0E1FA36D1E00C8CECB /* ATExpeditionViewController.swift in Sources */,
				1D93A5D020024BB900B65547 /* ATDataTool.swift in Sources */,
				1D93A5571FF83BAD00B65547 /* ATNewVersionGuideViewController.swift in Sources */,
				1D445BD2200FD4AA0007B177 /* ATAreaMapModel.swift in Sources */,
				47671BB71F98CCDB00426CBC /* ATAvatarListViewController.swift in Sources */,
				47058B061FA36CBF00C8CECB /* ATShipViewController.swift in Sources */,
				470A5EAE1FB40216003ABF82 /* ATSettingTwitterLanguageViewController.swift in Sources */,
				1DDB9094200BEF7E00396DE3 /* ATAreaModel.swift in Sources */,
				47D4E7F01F9B453900C9D27F /* ExtensionUIViewController.swift in Sources */,
				47058B101FA36D4000C8CECB /* ATToolboxViewController.swift in Sources */,
				1DDB908F200BEDAF00396DE3 /* ATDBTool.swift in Sources */,
				47058B0A1FA36CEC00C8CECB /* ATEnemyViewController.swift in Sources */,
				47F3BF5A1F94688100CC4398 /* ExtensionUIImage.swift in Sources */,
				47F555F71F9EEF7800B09AFA /* ExtensionString.swift in Sources */,
				1D10F9DE1F8EA96400EA8FC1 /* manuscript.swift in Sources */,
				47D4E7D51F9B272100C9D27F /* ATPermissionsTool.swift in Sources */,
				472C6AE91F90F2D70027C6B3 /* ExtensionUIColor.swift in Sources */,
				47829C921F9F22BA00523E75 /* ATViewController.swift in Sources */,
				4748C1781FA0C4B7005F5D2D /* ATScrollView.swift in Sources */,
				472C6ADD1F90D6DC0027C6B3 /* LSPageTabView.swift in Sources */,
				47DF9B5E1F9DCFD30075CF12 /* ExtensionGCD.swift in Sources */,
				47D4E7A71F9A2B2000C9D27F /* ATImagePageViewController.swift in Sources */,
				1D7BA9AE1FCB5CD7000BBC5B /* ATUserSettingTool.swift in Sources */,
				47058B021FA36C5300C8CECB /* ATAboutViewController.swift in Sources */,
				1D445BD4200FEA340007B177 /* Protocol.swift in Sources */,
				47058B081FA36CD300C8CECB /* ATAreaViewController.swift in Sources */,
				47C5FEAF1F962D54005B4073 /* ATNetworkTool.swift in Sources */,
				47F555DC1F9EEA9200B09AFA /* ExtensionUIFont.swift in Sources */,
				472C6AE21F90E0FD0027C6B3 /* ExtensionUIDevice.swift in Sources */,
				4748C1761FA0C3BB005F5D2D /* ATHomeMenuView.swift in Sources */,
				47CC33FA1F8B954700B7CFB1 /* ATHomeViewController.swift in Sources */,
				470A5EB01FB4053B003ABF82 /* ATTableView.swift in Sources */,
				47058B0C1FA36D0800C8CECB /* ATMissionViewController.swift in Sources */,
				472C6AE51F90E1260027C6B3 /* ExtensionUIScreen.swift in Sources */,
				47058B001FA36C2D00C8CECB /* ATImproveViewController.swift in Sources */,
				47CC33FC1F8B992800B7CFB1 /* ATNavigationController.swift in Sources */,
				1D93A60120029A5100B65547 /* ATResourceModel.swift in Sources */,
				1D93A5551FF83B9800B65547 /* ATFirstUseGuideViewController.swift in Sources */,
				47D4E7F21F9B4C0400C9D27F /* ATToastMessageTool.swift in Sources */,
				472C6AE01F90DA420027C6B3 /* Constant.swift in Sources */,
				47058B041FA36CAC00C8CECB /* ATEquipViewController.swift in Sources */,
			);
			runOnlyForDeploymentPostprocessing = 0;
		};
/* End PBXSourcesBuildPhase section */

/* Begin XCBuildConfiguration section */
		47CC33F41F8B929400B7CFB1 /* Debug */ = {
			isa = XCBuildConfiguration;
			buildSettings = {
				ALWAYS_SEARCH_USER_PATHS = NO;
				CLANG_ANALYZER_NONNULL = YES;
				CLANG_ANALYZER_NUMBER_OBJECT_CONVERSION = YES_AGGRESSIVE;
				CLANG_CXX_LANGUAGE_STANDARD = "gnu++14";
				CLANG_CXX_LIBRARY = "libc++";
				CLANG_ENABLE_MODULES = YES;
				CLANG_ENABLE_OBJC_ARC = YES;
				CLANG_WARN_BLOCK_CAPTURE_AUTORELEASING = YES;
				CLANG_WARN_BOOL_CONVERSION = YES;
				CLANG_WARN_COMMA = YES;
				CLANG_WARN_CONSTANT_CONVERSION = YES;
				CLANG_WARN_DIRECT_OBJC_ISA_USAGE = YES_ERROR;
				CLANG_WARN_DOCUMENTATION_COMMENTS = YES;
				CLANG_WARN_EMPTY_BODY = YES;
				CLANG_WARN_ENUM_CONVERSION = YES;
				CLANG_WARN_INFINITE_RECURSION = YES;
				CLANG_WARN_INT_CONVERSION = YES;
				CLANG_WARN_NON_LITERAL_NULL_CONVERSION = YES;
				CLANG_WARN_OBJC_LITERAL_CONVERSION = YES;
				CLANG_WARN_OBJC_ROOT_CLASS = YES_ERROR;
				CLANG_WARN_RANGE_LOOP_ANALYSIS = YES;
				CLANG_WARN_STRICT_PROTOTYPES = YES;
				CLANG_WARN_SUSPICIOUS_MOVE = YES;
				CLANG_WARN_UNGUARDED_AVAILABILITY = YES_AGGRESSIVE;
				CLANG_WARN_UNREACHABLE_CODE = YES;
				CLANG_WARN__DUPLICATE_METHOD_MATCH = YES;
				CODE_SIGN_IDENTITY = "iPhone Developer";
				COPY_PHASE_STRIP = NO;
				DEBUG_INFORMATION_FORMAT = dwarf;
				ENABLE_STRICT_OBJC_MSGSEND = YES;
				ENABLE_TESTABILITY = YES;
				GCC_C_LANGUAGE_STANDARD = gnu11;
				GCC_DYNAMIC_NO_PIC = NO;
				GCC_NO_COMMON_BLOCKS = YES;
				GCC_OPTIMIZATION_LEVEL = 0;
				GCC_PREPROCESSOR_DEFINITIONS = (
					"DEBUG=1",
					"$(inherited)",
				);
				GCC_WARN_64_TO_32_BIT_CONVERSION = YES;
				GCC_WARN_ABOUT_RETURN_TYPE = YES_ERROR;
				GCC_WARN_UNDECLARED_SELECTOR = YES;
				GCC_WARN_UNINITIALIZED_AUTOS = YES_AGGRESSIVE;
				GCC_WARN_UNUSED_FUNCTION = YES;
				GCC_WARN_UNUSED_VARIABLE = YES;
				IPHONEOS_DEPLOYMENT_TARGET = 11.0;
				MTL_ENABLE_DEBUG_INFO = YES;
				ONLY_ACTIVE_ARCH = YES;
				SDKROOT = iphoneos;
				SWIFT_ACTIVE_COMPILATION_CONDITIONS = DEBUG;
				SWIFT_OPTIMIZATION_LEVEL = "-Onone";
			};
			name = Debug;
		};
		47CC33F51F8B929400B7CFB1 /* Release */ = {
			isa = XCBuildConfiguration;
			buildSettings = {
				ALWAYS_SEARCH_USER_PATHS = NO;
				CLANG_ANALYZER_NONNULL = YES;
				CLANG_ANALYZER_NUMBER_OBJECT_CONVERSION = YES_AGGRESSIVE;
				CLANG_CXX_LANGUAGE_STANDARD = "gnu++14";
				CLANG_CXX_LIBRARY = "libc++";
				CLANG_ENABLE_MODULES = YES;
				CLANG_ENABLE_OBJC_ARC = YES;
				CLANG_WARN_BLOCK_CAPTURE_AUTORELEASING = YES;
				CLANG_WARN_BOOL_CONVERSION = YES;
				CLANG_WARN_COMMA = YES;
				CLANG_WARN_CONSTANT_CONVERSION = YES;
				CLANG_WARN_DIRECT_OBJC_ISA_USAGE = YES_ERROR;
				CLANG_WARN_DOCUMENTATION_COMMENTS = YES;
				CLANG_WARN_EMPTY_BODY = YES;
				CLANG_WARN_ENUM_CONVERSION = YES;
				CLANG_WARN_INFINITE_RECURSION = YES;
				CLANG_WARN_INT_CONVERSION = YES;
				CLANG_WARN_NON_LITERAL_NULL_CONVERSION = YES;
				CLANG_WARN_OBJC_LITERAL_CONVERSION = YES;
				CLANG_WARN_OBJC_ROOT_CLASS = YES_ERROR;
				CLANG_WARN_RANGE_LOOP_ANALYSIS = YES;
				CLANG_WARN_STRICT_PROTOTYPES = YES;
				CLANG_WARN_SUSPICIOUS_MOVE = YES;
				CLANG_WARN_UNGUARDED_AVAILABILITY = YES_AGGRESSIVE;
				CLANG_WARN_UNREACHABLE_CODE = YES;
				CLANG_WARN__DUPLICATE_METHOD_MATCH = YES;
				CODE_SIGN_IDENTITY = "iPhone Developer";
				COPY_PHASE_STRIP = NO;
				DEBUG_INFORMATION_FORMAT = "dwarf-with-dsym";
				ENABLE_NS_ASSERTIONS = NO;
				ENABLE_STRICT_OBJC_MSGSEND = YES;
				GCC_C_LANGUAGE_STANDARD = gnu11;
				GCC_NO_COMMON_BLOCKS = YES;
				GCC_WARN_64_TO_32_BIT_CONVERSION = YES;
				GCC_WARN_ABOUT_RETURN_TYPE = YES_ERROR;
				GCC_WARN_UNDECLARED_SELECTOR = YES;
				GCC_WARN_UNINITIALIZED_AUTOS = YES_AGGRESSIVE;
				GCC_WARN_UNUSED_FUNCTION = YES;
				GCC_WARN_UNUSED_VARIABLE = YES;
				IPHONEOS_DEPLOYMENT_TARGET = 11.0;
				MTL_ENABLE_DEBUG_INFO = NO;
				SDKROOT = iphoneos;
				SWIFT_OPTIMIZATION_LEVEL = "-Owholemodule";
				VALIDATE_PRODUCT = YES;
			};
			name = Release;
		};
		47CC33F71F8B929400B7CFB1 /* Debug */ = {
			isa = XCBuildConfiguration;
			buildSettings = {
				ASSETCATALOG_COMPILER_APPICON_NAME = AppIcon;
				ASSETCATALOG_COMPILER_LAUNCHIMAGE_NAME = LaunchImages;
				CLANG_ENABLE_MODULES = YES;
				CODE_SIGN_STYLE = Automatic;
				DEVELOPMENT_TEAM = FAHA792R32;
				FRAMEWORK_SEARCH_PATHS = (
					"$(inherited)",
					"$(PROJECT_DIR)/akashiToolkit/Lib/Cartfile/Carthage/Build/iOS",
				);
				INFOPLIST_FILE = akashiToolkit/Info.plist;
				IPHONEOS_DEPLOYMENT_TARGET = 9.0;
				LD_RUNPATH_SEARCH_PATHS = "$(inherited) @executable_path/Frameworks";
				PRODUCT_BUNDLE_IDENTIFIER = kcwikizh.akashiToolkit;
				PRODUCT_NAME = "$(TARGET_NAME)";
				SWIFT_OPTIMIZATION_LEVEL = "-Onone";
				SWIFT_VERSION = 4.0;
				TARGETED_DEVICE_FAMILY = "1,2";
			};
			name = Debug;
		};
		47CC33F81F8B929400B7CFB1 /* Release */ = {
			isa = XCBuildConfiguration;
			buildSettings = {
				ASSETCATALOG_COMPILER_APPICON_NAME = AppIcon;
				ASSETCATALOG_COMPILER_LAUNCHIMAGE_NAME = LaunchImages;
				CLANG_ENABLE_MODULES = YES;
				CODE_SIGN_STYLE = Automatic;
				DEVELOPMENT_TEAM = FAHA792R32;
				FRAMEWORK_SEARCH_PATHS = (
					"$(inherited)",
					"$(PROJECT_DIR)/akashiToolkit/Lib/Cartfile/Carthage/Build/iOS",
				);
				INFOPLIST_FILE = akashiToolkit/Info.plist;
				IPHONEOS_DEPLOYMENT_TARGET = 9.0;
				LD_RUNPATH_SEARCH_PATHS = "$(inherited) @executable_path/Frameworks";
				PRODUCT_BUNDLE_IDENTIFIER = kcwikizh.akashiToolkit;
				PRODUCT_NAME = "$(TARGET_NAME)";
				SWIFT_VERSION = 4.0;
				TARGETED_DEVICE_FAMILY = "1,2";
			};
			name = Release;
		};
/* End XCBuildConfiguration section */

/* Begin XCConfigurationList section */
		47CC33DF1F8B929400B7CFB1 /* Build configuration list for PBXProject "akashiToolkit" */ = {
			isa = XCConfigurationList;
			buildConfigurations = (
				47CC33F41F8B929400B7CFB1 /* Debug */,
				47CC33F51F8B929400B7CFB1 /* Release */,
			);
			defaultConfigurationIsVisible = 0;
			defaultConfigurationName = Release;
		};
		47CC33F61F8B929400B7CFB1 /* Build configuration list for PBXNativeTarget "akashiToolkit" */ = {
			isa = XCConfigurationList;
			buildConfigurations = (
				47CC33F71F8B929400B7CFB1 /* Debug */,
				47CC33F81F8B929400B7CFB1 /* Release */,
			);
			defaultConfigurationIsVisible = 0;
			defaultConfigurationName = Release;
		};
/* End XCConfigurationList section */
	};
	rootObject = 47CC33DC1F8B929400B7CFB1 /* Project object */;
}
